<?xml version="1.0" encoding="utf-8"?>
<Project ToolsVersion="4.0" xmlns="http://schemas.microsoft.com/developer/msbuild/2003">
  <ItemGroup>
    <Filter Include="Source Files">
      <UniqueIdentifier>{4FC737F1-C7A5-4376-A066-2A32D752A2FF}</UniqueIdentifier>
      <Extensions>cpp;c;cc;cxx;def;odl;idl;hpj;bat;asm;asmx</Extensions>
    </Filter>
    <Filter Include="Public Header Files">
      <UniqueIdentifier>{93995380-89BD-4b04-88EB-625FBE52EBFB}</UniqueIdentifier>
      <Extensions>h;hh;hpp;hxx;hm;inl;inc;xsd</Extensions>
    </Filter>
    <Filter Include="Public Header Files\detail">
      <UniqueIdentifier>{181b62f0-3062-402d-bbbb-ed9fd2972979}</UniqueIdentifier>
    </Filter>
  </ItemGroup>
  <ItemGroup>
    <ClInclude Include="..\include\stooling\SourceCode.h">
      <Filter>Public Header Files</Filter>
    </ClInclude>
    <ClInclude Include="..\include\stooling\detail\stoolingDll.h">
      <Filter>Public Header Files\detail</Filter>
    </ClInclude>
    <ClInclude Include="..\src\CustomToolInvocation.h">
      <Filter>Source Files</Filter>
    </ClInclude>
    <ClInclude Include="..\src\FixKernelParameterCallback.h">
      <Filter>Source Files</Filter>
    </ClInclude>
    <ClInclude Include="..\src\FixStringCall.h">
      <Filter>Source Files</Filter>
    </ClInclude>
    <ClInclude Include="..\src\GetParameterTypeNamesCallback.h">
      <Filter>Source Files</Filter>
    </ClInclude>
    <ClInclude Include="..\src\RedefineTypedefCallback.h">
      <Filter>Source Files</Filter>
    </ClInclude>
    <ClInclude Include="..\src\RefactoringTool.h">
      <Filter>Source Files</Filter>
    </ClInclude>
    <ClInclude Include="..\src\RenameFunctionCallback.h">
      <Filter>Source Files</Filter>
    </ClInclude>
    <ClInclude Include="..\src\RenameTypedefCallback.h">
      <Filter>Source Files</Filter>
    </ClInclude>
    <ClInclude Include="..\src\TransferArgumentsCallback.h">
      <Filter>Source Files</Filter>
    </ClInclude>
    <ClInclude Include="..\src\TransferParametersCallback.h">
      <Filter>Source Files</Filter>
    </ClInclude>
    <ClInclude Include="..\src\Utilities.h">
      <Filter>Source Files</Filter>
    </ClInclude>
  </ItemGroup>
  <ItemGroup>
    <ClCompile Include="..\src\CustomToolInvocation.cpp">
      <Filter>Source Files</Filter>
    </ClCompile>
    <ClCompile Include="..\src\FixKernelParameterCallback.cpp">
      <Filter>Source Files</Filter>
    </ClCompile>
    <ClCompile Include="..\src\GetParameterTypeNamesCallback.cpp">
      <Filter>Source Files</Filter>
    </ClCompile>
    <ClCompile Include="..\src\RedefineTypedefCallback.cpp">
      <Filter>Source Files</Filter>
    </ClCompile>
    <ClCompile Include="..\src\RefactoringTool.cpp">
      <Filter>Source Files</Filter>
    </ClCompile>
    <ClCompile Include="..\src\RenameFunctionCallback.cpp">
      <Filter>Source Files</Filter>
    </ClCompile>
    <ClCompile Include="..\src\RenameTypedefCallback.cpp">
      <Filter>Source Files</Filter>
    </ClCompile>
    <ClCompile Include="..\src\SourceCode.cpp">
      <Filter>Source Files</Filter>
    </ClCompile>
    <ClCompile Include="..\src\TransferArgumentsCallback.cpp">
      <Filter>Source Files</Filter>
    </ClCompile>
    <ClCompile Include="..\src\TransferParametersCallback.cpp">
      <Filter>Source Files</Filter>
    </ClCompile>
  </ItemGroup>
</Project>