
Microsoft Visual Studio Solution File, Format Version 12.00
# Visual Studio 2013
VisualStudioVersion = 12.0.30110.0
MinimumVisualStudioVersion = 10.0.40219.1
Project("{8BC9CEB8-8B4A-11D0-8D11-00A0C91BC942}") = "pvsutil", "..\libraries\pvsutil\msvc\pvsutil.vcxproj", "{0A6CFA3A-EF36-4710-A8C9-3F80DFC8E60B}"
EndProject
Project("{8BC9CEB8-8B4A-11D0-8D11-00A0C91BC942}") = "pvsutilTests", "..\libraries\pvsutil\msvc\pvsutilTests.vcxproj", "{97D38772-097E-4AD6-83E0-4B89553048F3}"
EndProject
Project("{2150E333-8FDC-42A3-9474-1A3956D46DE8}") = "pvsutil", "pvsutil", "{4FDF67ED-BEF8-4343-A82C-4E6A1B3987A0}"
EndProject
Project("{2150E333-8FDC-42A3-9474-1A3956D46DE8}") = "stooling", "stooling", "{CCD70089-4EB9-45A1-B017-A78A9B9848FC}"
EndProject
Project("{8BC9CEB8-8B4A-11D0-8D11-00A0C91BC942}") = "stooling", "..\libraries\stooling\msvc\stooling.vcxproj", "{76D2E899-5A9C-47AC-853A-592342D76765}"
EndProject
Project("{8BC9CEB8-8B4A-11D0-8D11-00A0C91BC942}") = "stoolingTests", "..\libraries\stooling\msvc\stoolingTests.vcxproj", "{188E6EB5-D106-443B-8F31-4841E07D4765}"
EndProject
Project("{2150E333-8FDC-42A3-9474-1A3956D46DE8}") = "skelcl", "skelcl", "{DAA2BAB4-74F3-4D0C-9EB9-6B4B336CCFB9}"
EndProject
Project("{8BC9CEB8-8B4A-11D0-8D11-00A0C91BC942}") = "skelcl", "skelcl.vcxproj", "{3E4BD2AA-D3F7-4102-8B42-89BDCC9D80F8}"
EndProject
Project("{8BC9CEB8-8B4A-11D0-8D11-00A0C91BC942}") = "skelclTests", "skelclTests.vcxproj", "{F680CF91-E0A6-43B1-871D-BC0568E1FB1D}"
EndProject
Project("{2150E333-8FDC-42A3-9474-1A3956D46DE8}") = "examples", "examples", "{2C269705-A707-46B0-8FCC-0EEC5FC6A625}"
EndProject
Project("{8BC9CEB8-8B4A-11D0-8D11-00A0C91BC942}") = "matrix_mult", "examples\matrix_mult\matrix_mult.vcxproj", "{5199EC10-0B34-428D-8708-954F6199C6E4}"
EndProject
Project("{8BC9CEB8-8B4A-11D0-8D11-00A0C91BC942}") = "dot_product", "examples\dot_product\dot_product.vcxproj", "{0E34095E-F12C-4494-8C04-AC64A7FC5C6E}"
EndProject
Project("{8BC9CEB8-8B4A-11D0-8D11-00A0C91BC942}") = "mandelbrot", "examples\mandelbrot\mandelbrot.vcxproj", "{DCD3D57F-CA2B-4135-9AE3-59F38AD5E900}"
EndProject
Project("{8BC9CEB8-8B4A-11D0-8D11-00A0C91BC942}") = "saxpy", "examples\saxpy\saxpy.vcxproj", "{1B0A0D46-90B0-4212-B337-EBCC07E8595D}"
EndProject
Global
	GlobalSection(SolutionConfigurationPlatforms) = preSolution
		Debug|Win32 = Debug|Win32
		Debug|x64 = Debug|x64
		Release|Win32 = Release|Win32
		Release|x64 = Release|x64
	EndGlobalSection
	GlobalSection(ProjectConfigurationPlatforms) = postSolution
		{0A6CFA3A-EF36-4710-A8C9-3F80DFC8E60B}.Debug|Win32.ActiveCfg = Debug|Win32
		{0A6CFA3A-EF36-4710-A8C9-3F80DFC8E60B}.Debug|Win32.Build.0 = Debug|Win32
		{0A6CFA3A-EF36-4710-A8C9-3F80DFC8E60B}.Debug|x64.ActiveCfg = Debug|x64
		{0A6CFA3A-EF36-4710-A8C9-3F80DFC8E60B}.Debug|x64.Build.0 = Debug|x64
		{0A6CFA3A-EF36-4710-A8C9-3F80DFC8E60B}.Release|Win32.ActiveCfg = Release|Win32
		{0A6CFA3A-EF36-4710-A8C9-3F80DFC8E60B}.Release|Win32.Build.0 = Release|Win32
		{0A6CFA3A-EF36-4710-A8C9-3F80DFC8E60B}.Release|x64.ActiveCfg = Release|x64
		{0A6CFA3A-EF36-4710-A8C9-3F80DFC8E60B}.Release|x64.Build.0 = Release|x64
		{97D38772-097E-4AD6-83E0-4B89553048F3}.Debug|Win32.ActiveCfg = Debug|Win32
		{97D38772-097E-4AD6-83E0-4B89553048F3}.Debug|Win32.Build.0 = Debug|Win32
		{97D38772-097E-4AD6-83E0-4B89553048F3}.Debug|x64.ActiveCfg = Debug|x64
		{97D38772-097E-4AD6-83E0-4B89553048F3}.Debug|x64.Build.0 = Debug|x64
		{97D38772-097E-4AD6-83E0-4B89553048F3}.Release|Win32.ActiveCfg = Release|Win32
		{97D38772-097E-4AD6-83E0-4B89553048F3}.Release|Win32.Build.0 = Release|Win32
		{97D38772-097E-4AD6-83E0-4B89553048F3}.Release|x64.ActiveCfg = Release|x64
		{97D38772-097E-4AD6-83E0-4B89553048F3}.Release|x64.Build.0 = Release|x64
		{76D2E899-5A9C-47AC-853A-592342D76765}.Debug|Win32.ActiveCfg = Debug|Win32
		{76D2E899-5A9C-47AC-853A-592342D76765}.Debug|Win32.Build.0 = Debug|Win32
		{76D2E899-5A9C-47AC-853A-592342D76765}.Debug|x64.ActiveCfg = Debug|x64
		{76D2E899-5A9C-47AC-853A-592342D76765}.Debug|x64.Build.0 = Debug|x64
		{76D2E899-5A9C-47AC-853A-592342D76765}.Release|Win32.ActiveCfg = Release|Win32
		{76D2E899-5A9C-47AC-853A-592342D76765}.Release|Win32.Build.0 = Release|Win32
		{76D2E899-5A9C-47AC-853A-592342D76765}.Release|x64.ActiveCfg = Release|x64
		{76D2E899-5A9C-47AC-853A-592342D76765}.Release|x64.Build.0 = Release|x64
		{188E6EB5-D106-443B-8F31-4841E07D4765}.Debug|Win32.ActiveCfg = Debug|Win32
		{188E6EB5-D106-443B-8F31-4841E07D4765}.Debug|Win32.Build.0 = Debug|Win32
		{188E6EB5-D106-443B-8F31-4841E07D4765}.Debug|x64.ActiveCfg = Debug|x64
		{188E6EB5-D106-443B-8F31-4841E07D4765}.Debug|x64.Build.0 = Debug|x64
		{188E6EB5-D106-443B-8F31-4841E07D4765}.Release|Win32.ActiveCfg = Release|Win32
		{188E6EB5-D106-443B-8F31-4841E07D4765}.Release|Win32.Build.0 = Release|Win32
		{188E6EB5-D106-443B-8F31-4841E07D4765}.Release|x64.ActiveCfg = Release|x64
		{188E6EB5-D106-443B-8F31-4841E07D4765}.Release|x64.Build.0 = Release|x64
		{3E4BD2AA-D3F7-4102-8B42-89BDCC9D80F8}.Debug|Win32.ActiveCfg = Debug|Win32
		{3E4BD2AA-D3F7-4102-8B42-89BDCC9D80F8}.Debug|Win32.Build.0 = Debug|Win32
		{3E4BD2AA-D3F7-4102-8B42-89BDCC9D80F8}.Debug|x64.ActiveCfg = Debug|x64
		{3E4BD2AA-D3F7-4102-8B42-89BDCC9D80F8}.Debug|x64.Build.0 = Debug|x64
		{3E4BD2AA-D3F7-4102-8B42-89BDCC9D80F8}.Release|Win32.ActiveCfg = Release|Win32
		{3E4BD2AA-D3F7-4102-8B42-89BDCC9D80F8}.Release|Win32.Build.0 = Release|Win32
		{3E4BD2AA-D3F7-4102-8B42-89BDCC9D80F8}.Release|x64.ActiveCfg = Release|x64
		{3E4BD2AA-D3F7-4102-8B42-89BDCC9D80F8}.Release|x64.Build.0 = Release|x64
		{F680CF91-E0A6-43B1-871D-BC0568E1FB1D}.Debug|Win32.ActiveCfg = Debug|Win32
		{F680CF91-E0A6-43B1-871D-BC0568E1FB1D}.Debug|Win32.Build.0 = Debug|Win32
		{F680CF91-E0A6-43B1-871D-BC0568E1FB1D}.Debug|x64.ActiveCfg = Debug|x64
		{F680CF91-E0A6-43B1-871D-BC0568E1FB1D}.Debug|x64.Build.0 = Debug|x64
		{F680CF91-E0A6-43B1-871D-BC0568E1FB1D}.Release|Win32.ActiveCfg = Release|Win32
		{F680CF91-E0A6-43B1-871D-BC0568E1FB1D}.Release|Win32.Build.0 = Release|Win32
		{F680CF91-E0A6-43B1-871D-BC0568E1FB1D}.Release|x64.ActiveCfg = Release|x64
		{F680CF91-E0A6-43B1-871D-BC0568E1FB1D}.Release|x64.Build.0 = Release|x64
		{5199EC10-0B34-428D-8708-954F6199C6E4}.Debug|Win32.ActiveCfg = Debug|Win32
		{5199EC10-0B34-428D-8708-954F6199C6E4}.Debug|Win32.Build.0 = Debug|Win32
		{5199EC10-0B34-428D-8708-954F6199C6E4}.Debug|x64.ActiveCfg = Debug|x64
		{5199EC10-0B34-428D-8708-954F6199C6E4}.Debug|x64.Build.0 = Debug|x64
		{5199EC10-0B34-428D-8708-954F6199C6E4}.Release|Win32.ActiveCfg = Release|Win32
		{5199EC10-0B34-428D-8708-954F6199C6E4}.Release|Win32.Build.0 = Release|Win32
		{5199EC10-0B34-428D-8708-954F6199C6E4}.Release|x64.ActiveCfg = Release|x64
		{5199EC10-0B34-428D-8708-954F6199C6E4}.Release|x64.Build.0 = Release|x64
		{0E34095E-F12C-4494-8C04-AC64A7FC5C6E}.Debug|Win32.ActiveCfg = Debug|Win32
		{0E34095E-F12C-4494-8C04-AC64A7FC5C6E}.Debug|Win32.Build.0 = Debug|Win32
		{0E34095E-F12C-4494-8C04-AC64A7FC5C6E}.Debug|x64.ActiveCfg = Debug|x64
		{0E34095E-F12C-4494-8C04-AC64A7FC5C6E}.Debug|x64.Build.0 = Debug|x64
		{0E34095E-F12C-4494-8C04-AC64A7FC5C6E}.Release|Win32.ActiveCfg = Release|Win32
		{0E34095E-F12C-4494-8C04-AC64A7FC5C6E}.Release|Win32.Build.0 = Release|Win32
		{0E34095E-F12C-4494-8C04-AC64A7FC5C6E}.Release|x64.ActiveCfg = Release|x64
		{0E34095E-F12C-4494-8C04-AC64A7FC5C6E}.Release|x64.Build.0 = Release|x64
		{DCD3D57F-CA2B-4135-9AE3-59F38AD5E900}.Debug|Win32.ActiveCfg = Debug|Win32
		{DCD3D57F-CA2B-4135-9AE3-59F38AD5E900}.Debug|Win32.Build.0 = Debug|Win32
		{DCD3D57F-CA2B-4135-9AE3-59F38AD5E900}.Debug|x64.ActiveCfg = Debug|x64
		{DCD3D57F-CA2B-4135-9AE3-59F38AD5E900}.Debug|x64.Build.0 = Debug|x64
		{DCD3D57F-CA2B-4135-9AE3-59F38AD5E900}.Release|Win32.ActiveCfg = Release|Win32
		{DCD3D57F-CA2B-4135-9AE3-59F38AD5E900}.Release|Win32.Build.0 = Release|Win32
		{DCD3D57F-CA2B-4135-9AE3-59F38AD5E900}.Release|x64.ActiveCfg = Release|x64
		{DCD3D57F-CA2B-4135-9AE3-59F38AD5E900}.Release|x64.Build.0 = Release|x64
		{1B0A0D46-90B0-4212-B337-EBCC07E8595D}.Debug|Win32.ActiveCfg = Debug|Win32
		{1B0A0D46-90B0-4212-B337-EBCC07E8595D}.Debug|Win32.Build.0 = Debug|Win32
		{1B0A0D46-90B0-4212-B337-EBCC07E8595D}.Debug|x64.ActiveCfg = Debug|x64
		{1B0A0D46-90B0-4212-B337-EBCC07E8595D}.Debug|x64.Build.0 = Debug|x64
		{1B0A0D46-90B0-4212-B337-EBCC07E8595D}.Release|Win32.ActiveCfg = Release|Win32
		{1B0A0D46-90B0-4212-B337-EBCC07E8595D}.Release|Win32.Build.0 = Release|Win32
		{1B0A0D46-90B0-4212-B337-EBCC07E8595D}.Release|x64.ActiveCfg = Release|x64
		{1B0A0D46-90B0-4212-B337-EBCC07E8595D}.Release|x64.Build.0 = Release|x64
	EndGlobalSection
	GlobalSection(SolutionProperties) = preSolution
		HideSolutionNode = FALSE
	EndGlobalSection
	GlobalSection(NestedProjects) = preSolution
		{97D38772-097E-4AD6-83E0-4B89553048F3} = {4FDF67ED-BEF8-4343-A82C-4E6A1B3987A0}
		{0A6CFA3A-EF36-4710-A8C9-3F80DFC8E60B} = {4FDF67ED-BEF8-4343-A82C-4E6A1B3987A0}
		{76D2E899-5A9C-47AC-853A-592342D76765} = {CCD70089-4EB9-45A1-B017-A78A9B9848FC}
		{188E6EB5-D106-443B-8F31-4841E07D4765} = {CCD70089-4EB9-45A1-B017-A78A9B9848FC}
		{3E4BD2AA-D3F7-4102-8B42-89BDCC9D80F8} = {DAA2BAB4-74F3-4D0C-9EB9-6B4B336CCFB9}
		{F680CF91-E0A6-43B1-871D-BC0568E1FB1D} = {DAA2BAB4-74F3-4D0C-9EB9-6B4B336CCFB9}
		{2C269705-A707-46B0-8FCC-0EEC5FC6A625} = {DAA2BAB4-74F3-4D0C-9EB9-6B4B336CCFB9}
		{5199EC10-0B34-428D-8708-954F6199C6E4} = {2C269705-A707-46B0-8FCC-0EEC5FC6A625}
		{0E34095E-F12C-4494-8C04-AC64A7FC5C6E} = {2C269705-A707-46B0-8FCC-0EEC5FC6A625}
		{DCD3D57F-CA2B-4135-9AE3-59F38AD5E900} = {2C269705-A707-46B0-8FCC-0EEC5FC6A625}
		{1B0A0D46-90B0-4212-B337-EBCC07E8595D} = {2C269705-A707-46B0-8FCC-0EEC5FC6A625}
	EndGlobalSection
EndGlobal
