// !$*UTF8*$!
{
	archiveVersion = 1;
	classes = {
	};
	objectVersion = 46;
	objects = {

/* Begin PBXBuildFile section */
		D0047FA5190D879500B0D26C /* Arg.cpp in Sources */ = {isa = PBXBuildFile; fileRef = D0047F9C190D879500B0D26C /* Arg.cpp */; };
		D0047FA6190D879500B0D26C /* Assert.cpp in Sources */ = {isa = PBXBuildFile; fileRef = D0047F9D190D879500B0D26C /* Assert.cpp */; };
		D0047FA7190D879500B0D26C /* CLArgParser.cpp in Sources */ = {isa = PBXBuildFile; fileRef = D0047F9E190D879500B0D26C /* CLArgParser.cpp */; };
		D0047FA8190D879500B0D26C /* Description.cpp in Sources */ = {isa = PBXBuildFile; fileRef = D0047FA0190D879500B0D26C /* Description.cpp */; };
		D0047FA9190D879500B0D26C /* Flags.cpp in Sources */ = {isa = PBXBuildFile; fileRef = D0047FA1190D879500B0D26C /* Flags.cpp */; };
		D0047FAA190D879500B0D26C /* Logger.cpp in Sources */ = {isa = PBXBuildFile; fileRef = D0047FA2190D879500B0D26C /* Logger.cpp */; };
		D0047FAB190D879500B0D26C /* Timer.cpp in Sources */ = {isa = PBXBuildFile; fileRef = D0047FA3190D879500B0D26C /* Timer.cpp */; };
		D0047FAC190D879500B0D26C /* Version.cpp in Sources */ = {isa = PBXBuildFile; fileRef = D0047FA4190D879500B0D26C /* Version.cpp */; };
/* End PBXBuildFile section */

/* Begin PBXFileReference section */
		9E239E0016AEA1E80078F339 /* libpvsutil.dylib */ = {isa = PBXFileReference; explicitFileType = "compiled.mach-o.dylib"; includeInIndex = 0; path = libpvsutil.dylib; sourceTree = BUILT_PRODUCTS_DIR; };
		D0047F9C190D879500B0D26C /* Arg.cpp */ = {isa = PBXFileReference; fileEncoding = 4; lastKnownFileType = sourcecode.cpp.cpp; name = Arg.cpp; path = ../../libraries/pvsutil/src/Arg.cpp; sourceTree = "<group>"; };
		D0047F9D190D879500B0D26C /* Assert.cpp */ = {isa = PBXFileReference; fileEncoding = 4; lastKnownFileType = sourcecode.cpp.cpp; name = Assert.cpp; path = ../../libraries/pvsutil/src/Assert.cpp; sourceTree = "<group>"; };
		D0047F9E190D879500B0D26C /* CLArgParser.cpp */ = {isa = PBXFileReference; fileEncoding = 4; lastKnownFileType = sourcecode.cpp.cpp; name = CLArgParser.cpp; path = ../../libraries/pvsutil/src/CLArgParser.cpp; sourceTree = "<group>"; };
		D0047FA0190D879500B0D26C /* Description.cpp */ = {isa = PBXFileReference; fileEncoding = 4; lastKnownFileType = sourcecode.cpp.cpp; name = Description.cpp; path = ../../libraries/pvsutil/src/Description.cpp; sourceTree = "<group>"; };
		D0047FA1190D879500B0D26C /* Flags.cpp */ = {isa = PBXFileReference; fileEncoding = 4; lastKnownFileType = sourcecode.cpp.cpp; name = Flags.cpp; path = ../../libraries/pvsutil/src/Flags.cpp; sourceTree = "<group>"; };
		D0047FA2190D879500B0D26C /* Logger.cpp */ = {isa = PBXFileReference; fileEncoding = 4; lastKnownFileType = sourcecode.cpp.cpp; name = Logger.cpp; path = ../../libraries/pvsutil/src/Logger.cpp; sourceTree = "<group>"; };
		D0047FA3190D879500B0D26C /* Timer.cpp */ = {isa = PBXFileReference; fileEncoding = 4; lastKnownFileType = sourcecode.cpp.cpp; name = Timer.cpp; path = ../../libraries/pvsutil/src/Timer.cpp; sourceTree = "<group>"; };
		D0047FA4190D879500B0D26C /* Version.cpp */ = {isa = PBXFileReference; fileEncoding = 4; lastKnownFileType = sourcecode.cpp.cpp; name = Version.cpp; path = ../../libraries/pvsutil/src/Version.cpp; sourceTree = "<group>"; };
		D0047FAE190D87A800B0D26C /* Assert.h */ = {isa = PBXFileReference; lastKnownFileType = sourcecode.c.h; path = Assert.h; sourceTree = "<group>"; };
		D0047FAF190D87A800B0D26C /* CLArgParser.h */ = {isa = PBXFileReference; lastKnownFileType = sourcecode.c.h; path = CLArgParser.h; sourceTree = "<group>"; };
		D0047FB1190D87A800B0D26C /* Arg.h */ = {isa = PBXFileReference; lastKnownFileType = sourcecode.c.h; path = Arg.h; sourceTree = "<group>"; };
		D0047FB2190D87A800B0D26C /* Default.h */ = {isa = PBXFileReference; lastKnownFileType = sourcecode.c.h; path = Default.h; sourceTree = "<group>"; };
		D0047FB3190D87A800B0D26C /* Description.h */ = {isa = PBXFileReference; lastKnownFileType = sourcecode.c.h; path = Description.h; sourceTree = "<group>"; };
		D0047FB4190D87A800B0D26C /* Flags.h */ = {isa = PBXFileReference; lastKnownFileType = sourcecode.c.h; path = Flags.h; sourceTree = "<group>"; };
		D0047FB5190D87A800B0D26C /* Version.h */ = {isa = PBXFileReference; lastKnownFileType = sourcecode.c.h; path = Version.h; sourceTree = "<group>"; };
		D0047FB7190D87A800B0D26C /* LoggerDef.h */ = {isa = PBXFileReference; lastKnownFileType = sourcecode.c.h; path = LoggerDef.h; sourceTree = "<group>"; };
		D0047FB8190D87A800B0D26C /* pvsutilDll.h */ = {isa = PBXFileReference; lastKnownFileType = sourcecode.c.h; path = pvsutilDll.h; sourceTree = "<group>"; };
		D0047FB9190D87A800B0D26C /* Logger.h */ = {isa = PBXFileReference; lastKnownFileType = sourcecode.c.h; path = Logger.h; sourceTree = "<group>"; };
		D0047FBA190D87A800B0D26C /* Timer.h */ = {isa = PBXFileReference; lastKnownFileType = sourcecode.c.h; path = Timer.h; sourceTree = "<group>"; };
/* End PBXFileReference section */

/* Begin PBXFrameworksBuildPhase section */
		9E239DFD16AEA1E80078F339 /* Frameworks */ = {
			isa = PBXFrameworksBuildPhase;
			buildActionMask = 2147483647;
			files = (
			);
			runOnlyForDeploymentPostprocessing = 0;
		};
/* End PBXFrameworksBuildPhase section */

/* Begin PBXGroup section */
		9E239DF516AEA1E80078F339 = {
			isa = PBXGroup;
			children = (
				9E239E1416AEA20E0078F339 /* include */,
				9E239E1516AEA2190078F339 /* src */,
				9E239E0116AEA1E80078F339 /* Products */,
			);
			sourceTree = "<group>";
		};
		9E239E0116AEA1E80078F339 /* Products */ = {
			isa = PBXGroup;
			children = (
				9E239E0016AEA1E80078F339 /* libpvsutil.dylib */,
			);
			name = Products;
			sourceTree = "<group>";
		};
		9E239E1416AEA20E0078F339 /* include */ = {
			isa = PBXGroup;
			children = (
				D0047FAD190D87A800B0D26C /* pvsutil */,
			);
			name = include;
			sourceTree = "<group>";
		};
		9E239E1516AEA2190078F339 /* src */ = {
			isa = PBXGroup;
			children = (
				D0047F9C190D879500B0D26C /* Arg.cpp */,
				D0047F9D190D879500B0D26C /* Assert.cpp */,
				D0047F9E190D879500B0D26C /* CLArgParser.cpp */,
				D0047FA0190D879500B0D26C /* Description.cpp */,
				D0047FA1190D879500B0D26C /* Flags.cpp */,
				D0047FA2190D879500B0D26C /* Logger.cpp */,
				D0047FA3190D879500B0D26C /* Timer.cpp */,
				D0047FA4190D879500B0D26C /* Version.cpp */,
			);
			name = src;
			sourceTree = "<group>";
		};
		D0047FAD190D87A800B0D26C /* pvsutil */ = {
			isa = PBXGroup;
			children = (
				D0047FAE190D87A800B0D26C /* Assert.h */,
				D0047FAF190D87A800B0D26C /* CLArgParser.h */,
				D0047FB0190D87A800B0D26C /* cmdline */,
				D0047FB6190D87A800B0D26C /* detail */,
				D0047FB9190D87A800B0D26C /* Logger.h */,
				D0047FBA190D87A800B0D26C /* Timer.h */,
			);
			name = pvsutil;
			path = ../../libraries/pvsutil/include/pvsutil;
			sourceTree = "<group>";
		};
		D0047FB0190D87A800B0D26C /* cmdline */ = {
			isa = PBXGroup;
			children = (
				D0047FB1190D87A800B0D26C /* Arg.h */,
				D0047FB2190D87A800B0D26C /* Default.h */,
				D0047FB3190D87A800B0D26C /* Description.h */,
				D0047FB4190D87A800B0D26C /* Flags.h */,
				D0047FB5190D87A800B0D26C /* Version.h */,
			);
			path = cmdline;
			sourceTree = "<group>";
		};
		D0047FB6190D87A800B0D26C /* detail */ = {
			isa = PBXGroup;
			children = (
				D0047FB7190D87A800B0D26C /* LoggerDef.h */,
				D0047FB8190D87A800B0D26C /* pvsutilDll.h */,
			);
			path = detail;
			sourceTree = "<group>";
		};
/* End PBXGroup section */

/* Begin PBXHeadersBuildPhase section */
		9E239DFE16AEA1E80078F339 /* Headers */ = {
			isa = PBXHeadersBuildPhase;
			buildActionMask = 2147483647;
			files = (
			);
			runOnlyForDeploymentPostprocessing = 0;
		};
/* End PBXHeadersBuildPhase section */

/* Begin PBXNativeTarget section */
		9E239DFF16AEA1E80078F339 /* pvsutil */ = {
			isa = PBXNativeTarget;
			buildConfigurationList = 9E239E0416AEA1E80078F339 /* Build configuration list for PBXNativeTarget "pvsutil" */;
			buildPhases = (
				9E239DFC16AEA1E80078F339 /* Sources */,
				9E239DFD16AEA1E80078F339 /* Frameworks */,
				9E239DFE16AEA1E80078F339 /* Headers */,
			);
			buildRules = (
			);
			dependencies = (
			);
			name = pvsutil;
			productName = pvsutil;
			productReference = 9E239E0016AEA1E80078F339 /* libpvsutil.dylib */;
			productType = "com.apple.product-type.library.dynamic";
		};
/* End PBXNativeTarget section */

/* Begin PBXProject section */
		9E239DF716AEA1E80078F339 /* Project object */ = {
			isa = PBXProject;
			attributes = {
				LastUpgradeCheck = 0510;
				ORGANIZATIONNAME = "University of Münster";
			};
			buildConfigurationList = 9E239DFA16AEA1E80078F339 /* Build configuration list for PBXProject "pvsutil" */;
			compatibilityVersion = "Xcode 3.2";
			developmentRegion = English;
			hasScannedForEncodings = 0;
			knownRegions = (
				en,
			);
			mainGroup = 9E239DF516AEA1E80078F339;
			productRefGroup = 9E239E0116AEA1E80078F339 /* Products */;
			projectDirPath = "";
			projectRoot = "";
			targets = (
				9E239DFF16AEA1E80078F339 /* pvsutil */,
			);
		};
/* End PBXProject section */

/* Begin PBXSourcesBuildPhase section */
		9E239DFC16AEA1E80078F339 /* Sources */ = {
			isa = PBXSourcesBuildPhase;
			buildActionMask = 2147483647;
			files = (
				D0047FAA190D879500B0D26C /* Logger.cpp in Sources */,
				D0047FAB190D879500B0D26C /* Timer.cpp in Sources */,
				D0047FA7190D879500B0D26C /* CLArgParser.cpp in Sources */,
				D0047FA5190D879500B0D26C /* Arg.cpp in Sources */,
				D0047FA6190D879500B0D26C /* Assert.cpp in Sources */,
				D0047FA8190D879500B0D26C /* Description.cpp in Sources */,
				D0047FA9190D879500B0D26C /* Flags.cpp in Sources */,
				D0047FAC190D879500B0D26C /* Version.cpp in Sources */,
			);
			runOnlyForDeploymentPostprocessing = 0;
		};
/* End PBXSourcesBuildPhase section */

/* Begin XCBuildConfiguration section */
		9E239E0216AEA1E80078F339 /* Debug */ = {
			isa = XCBuildConfiguration;
			buildSettings = {
				ALWAYS_SEARCH_USER_PATHS = NO;
				CLANG_CXX_LANGUAGE_STANDARD = "c++0x";
				CLANG_CXX_LIBRARY = "libc++";
				CLANG_WARN_EMPTY_BODY = YES;
				CLANG_WARN__DUPLICATE_METHOD_MATCH = YES;
				COPY_PHASE_STRIP = NO;
				GCC_C_LANGUAGE_STANDARD = gnu99;
				GCC_DYNAMIC_NO_PIC = NO;
				GCC_ENABLE_OBJC_EXCEPTIONS = YES;
				GCC_OPTIMIZATION_LEVEL = 0;
				GCC_PREPROCESSOR_DEFINITIONS = (
					"DEBUG=1",
					"$(inherited)",
				);
				GCC_SYMBOLS_PRIVATE_EXTERN = NO;
				GCC_WARN_64_TO_32_BIT_CONVERSION = YES;
				GCC_WARN_ABOUT_RETURN_TYPE = YES;
				GCC_WARN_UNINITIALIZED_AUTOS = YES;
				GCC_WARN_UNUSED_VARIABLE = YES;
				HEADER_SEARCH_PATHS = ../../libraries/pvsutil/include/;
				MACOSX_DEPLOYMENT_TARGET = 10.9;
				ONLY_ACTIVE_ARCH = YES;
				SDKROOT = macosx;
			};
			name = Debug;
		};
		9E239E0316AEA1E80078F339 /* Release */ = {
			isa = XCBuildConfiguration;
			buildSettings = {
				ALWAYS_SEARCH_USER_PATHS = NO;
				CLANG_CXX_LANGUAGE_STANDARD = "c++0x";
				CLANG_CXX_LIBRARY = "libc++";
				CLANG_WARN_EMPTY_BODY = YES;
				CLANG_WARN__DUPLICATE_METHOD_MATCH = YES;
				COPY_PHASE_STRIP = YES;
				DEBUG_INFORMATION_FORMAT = "dwarf-with-dsym";
				GCC_C_LANGUAGE_STANDARD = gnu99;
				GCC_ENABLE_OBJC_EXCEPTIONS = YES;
				GCC_WARN_64_TO_32_BIT_CONVERSION = YES;
				GCC_WARN_ABOUT_RETURN_TYPE = YES;
				GCC_WARN_UNINITIALIZED_AUTOS = YES;
				GCC_WARN_UNUSED_VARIABLE = YES;
				HEADER_SEARCH_PATHS = ../../libraries/pvsutil/include/;
				MACOSX_DEPLOYMENT_TARGET = 10.9;
				SDKROOT = macosx;
			};
			name = Release;
		};
		9E239E0516AEA1E80078F339 /* Debug */ = {
			isa = XCBuildConfiguration;
			buildSettings = {
				EXECUTABLE_PREFIX = lib;
				PRODUCT_NAME = "$(TARGET_NAME)";
			};
			name = Debug;
		};
		9E239E0616AEA1E80078F339 /* Release */ = {
			isa = XCBuildConfiguration;
			buildSettings = {
				EXECUTABLE_PREFIX = lib;
				PRODUCT_NAME = "$(TARGET_NAME)";
			};
			name = Release;
		};
/* End XCBuildConfiguration section */

/* Begin XCConfigurationList section */
		9E239DFA16AEA1E80078F339 /* Build configuration list for PBXProject "pvsutil" */ = {
			isa = XCConfigurationList;
			buildConfigurations = (
				9E239E0216AEA1E80078F339 /* Debug */,
				9E239E0316AEA1E80078F339 /* Release */,
			);
			defaultConfigurationIsVisible = 0;
			defaultConfigurationName = Release;
		};
		9E239E0416AEA1E80078F339 /* Build configuration list for PBXNativeTarget "pvsutil" */ = {
			isa = XCConfigurationList;
			buildConfigurations = (
				9E239E0516AEA1E80078F339 /* Debug */,
				9E239E0616AEA1E80078F339 /* Release */,
			);
			defaultConfigurationIsVisible = 0;
			defaultConfigurationName = Release;
		};
/* End XCConfigurationList section */
	};
	rootObject = 9E239DF716AEA1E80078F339 /* Project object */;
}
