// !$*UTF8*$!
{
	archiveVersion = 1;
	classes = {
	};
	objectVersion = 46;
	objects = {

/* Begin PBXBuildFile section */
		9E0A903A1663C27900ACD2B4 /* libgtest_main.a in Frameworks */ = {isa = PBXBuildFile; fileRef = 9EA658721663AD8D00904417 /* libgtest_main.a */; };
		9E0A903B1663C27900ACD2B4 /* libgtest.a in Frameworks */ = {isa = PBXBuildFile; fileRef = 9EA658731663AD8D00904417 /* libgtest.a */; };
		9E0A903D1663C27900ACD2B4 /* libskelcl.dylib in Frameworks */ = {isa = PBXBuildFile; fileRef = 9EA657751663AAC200904417 /* libskelcl.dylib */; };
		9E0A903E1663C27900ACD2B4 /* OpenCL.framework in Frameworks */ = {isa = PBXBuildFile; fileRef = 9EA658101663AAFD00904417 /* OpenCL.framework */; };
		9E0A91401664B7C300ACD2B4 /* libskelcl.dylib in Frameworks */ = {isa = PBXBuildFile; fileRef = 9EA657751663AAC200904417 /* libskelcl.dylib */; };
		9E0A91411664B7C300ACD2B4 /* OpenCL.framework in Frameworks */ = {isa = PBXBuildFile; fileRef = 9EA658101663AAFD00904417 /* OpenCL.framework */; };
		9E0A914C1664B7C700ACD2B4 /* libskelcl.dylib in Frameworks */ = {isa = PBXBuildFile; fileRef = 9EA657751663AAC200904417 /* libskelcl.dylib */; };
		9E0A914D1664B7C700ACD2B4 /* OpenCL.framework in Frameworks */ = {isa = PBXBuildFile; fileRef = 9EA658101663AAFD00904417 /* OpenCL.framework */; };
		9E0A91541664B7D800ACD2B4 /* main.cpp in Sources */ = {isa = PBXBuildFile; fileRef = 9EA6587F1663AE7D00904417 /* main.cpp */; };
		9E0A91551664B80400ACD2B4 /* main.cpp in Sources */ = {isa = PBXBuildFile; fileRef = 9EA658831663AE7D00904417 /* main.cpp */; };
		9E0A915B1664B9E500ACD2B4 /* ZipTests.cpp in Sources */ = {isa = PBXBuildFile; fileRef = 9EA6585E1663ACEC00904417 /* ZipTests.cpp */; };
		9E0A915C1664BA0D00ACD2B4 /* DistributionTests.cpp in Sources */ = {isa = PBXBuildFile; fileRef = 9EA658551663ACEC00904417 /* DistributionTests.cpp */; };
		9E239E2416AEA47D0078F339 /* libpvsutil.dylib in Frameworks */ = {isa = PBXBuildFile; fileRef = 9E239E0C16AEA1E90078F339 /* libpvsutil.dylib */; };
		9E239E2D16AEA5380078F339 /* libpvsutil.dylib in Frameworks */ = {isa = PBXBuildFile; fileRef = 9E239E0C16AEA1E90078F339 /* libpvsutil.dylib */; };
		9E239E3B16AEA5720078F339 /* libpvsutil.dylib in Frameworks */ = {isa = PBXBuildFile; fileRef = 9E239E0C16AEA1E90078F339 /* libpvsutil.dylib */; };
		9E239E3C16AEA5750078F339 /* libpvsutil.dylib in Frameworks */ = {isa = PBXBuildFile; fileRef = 9E239E0C16AEA1E90078F339 /* libpvsutil.dylib */; };
		9E239E3D16AEA57B0078F339 /* libpvsutil.dylib in Frameworks */ = {isa = PBXBuildFile; fileRef = 9E239E0C16AEA1E90078F339 /* libpvsutil.dylib */; };
		9EA658111663AAFD00904417 /* OpenCL.framework in Frameworks */ = {isa = PBXBuildFile; fileRef = 9EA658101663AAFD00904417 /* OpenCL.framework */; };
		9EA6582A1663AC3000904417 /* libcrypto.dylib in Frameworks */ = {isa = PBXBuildFile; fileRef = 9EA658291663AC3000904417 /* libcrypto.dylib */; };
		9EA658921663AEB400904417 /* main.cpp in Sources */ = {isa = PBXBuildFile; fileRef = 9EA6587C1663AE7D00904417 /* main.cpp */; };
		9EA658931663AEBA00904417 /* libskelcl.dylib in Frameworks */ = {isa = PBXBuildFile; fileRef = 9EA657751663AAC200904417 /* libskelcl.dylib */; };
		9EA658941663AEC800904417 /* OpenCL.framework in Frameworks */ = {isa = PBXBuildFile; fileRef = 9EA658101663AAFD00904417 /* OpenCL.framework */; };
		9EA8042C16AEC16200CAA765 /* AllPairsTests.cpp in Sources */ = {isa = PBXBuildFile; fileRef = 9EA8042A16AEC12700CAA765 /* AllPairsTests.cpp */; };
		9EA8042D16AEC16200CAA765 /* DeviceSelectionTests.cpp in Sources */ = {isa = PBXBuildFile; fileRef = 9EA658521663ACEC00904417 /* DeviceSelectionTests.cpp */; };
		9EA8042E16AEC16200CAA765 /* DevicesTests.cpp in Sources */ = {isa = PBXBuildFile; fileRef = 9EA658531663ACEC00904417 /* DevicesTests.cpp */; };
		9EA8042F16AEC16200CAA765 /* DeviceTests.cpp in Sources */ = {isa = PBXBuildFile; fileRef = 9EA658541663ACEC00904417 /* DeviceTests.cpp */; };
		9EA8043016AEC16200CAA765 /* IndexMatrixTests.cpp in Sources */ = {isa = PBXBuildFile; fileRef = 9EA658561663ACEC00904417 /* IndexMatrixTests.cpp */; };
		9EA8043116AEC16200CAA765 /* IndexVectorTests.cpp in Sources */ = {isa = PBXBuildFile; fileRef = 9EA658571663ACEC00904417 /* IndexVectorTests.cpp */; };
		9EA8043216AEC16200CAA765 /* MapTests.cpp in Sources */ = {isa = PBXBuildFile; fileRef = 9EA658581663ACEC00904417 /* MapTests.cpp */; };
		9EA8043316AEC16200CAA765 /* MatrixTests.cpp in Sources */ = {isa = PBXBuildFile; fileRef = 9EA658591663ACEC00904417 /* MatrixTests.cpp */; };
		9EA8043416AEC16200CAA765 /* ProgramTests.cpp in Sources */ = {isa = PBXBuildFile; fileRef = 9EA6585A1663ACEC00904417 /* ProgramTests.cpp */; };
		9EA8043516AEC16200CAA765 /* ReduceTests.cpp in Sources */ = {isa = PBXBuildFile; fileRef = 9EA6585B1663ACEC00904417 /* ReduceTests.cpp */; };
		9EA8043616AEC16200CAA765 /* SHA1Tests.cpp in Sources */ = {isa = PBXBuildFile; fileRef = 9EA6585C1663ACEC00904417 /* SHA1Tests.cpp */; };
		9EA8043716AEC16200CAA765 /* VectorTests.cpp in Sources */ = {isa = PBXBuildFile; fileRef = 9EA6585D1663ACEC00904417 /* VectorTests.cpp */; };
		D01DDAE2190D970F00E5AD9D /* stooling.dylib in Frameworks */ = {isa = PBXBuildFile; fileRef = D01DDAE1190D969D00E5AD9D /* stooling.dylib */; };
		D01DDAF7190D972600E5AD9D /* Device.cpp in Sources */ = {isa = PBXBuildFile; fileRef = D01DDAE3190D972600E5AD9D /* Device.cpp */; };
		D01DDAF8190D972600E5AD9D /* DeviceBuffer.cpp in Sources */ = {isa = PBXBuildFile; fileRef = D01DDAE4190D972600E5AD9D /* DeviceBuffer.cpp */; };
		D01DDAF9190D972600E5AD9D /* DeviceID.cpp in Sources */ = {isa = PBXBuildFile; fileRef = D01DDAE5190D972600E5AD9D /* DeviceID.cpp */; };
		D01DDAFA190D972600E5AD9D /* DeviceList.cpp in Sources */ = {isa = PBXBuildFile; fileRef = D01DDAE6190D972600E5AD9D /* DeviceList.cpp */; };
		D01DDAFB190D972600E5AD9D /* DeviceProperties.cpp in Sources */ = {isa = PBXBuildFile; fileRef = D01DDAE7190D972600E5AD9D /* DeviceProperties.cpp */; };
		D01DDAFC190D972600E5AD9D /* Event.cpp in Sources */ = {isa = PBXBuildFile; fileRef = D01DDAE8190D972600E5AD9D /* Event.cpp */; };
		D01DDAFD190D972600E5AD9D /* Index.cpp in Sources */ = {isa = PBXBuildFile; fileRef = D01DDAE9190D972600E5AD9D /* Index.cpp */; };
		D01DDAFE190D972600E5AD9D /* IndexMatrix.cpp in Sources */ = {isa = PBXBuildFile; fileRef = D01DDAEA190D972600E5AD9D /* IndexMatrix.cpp */; };
		D01DDAFF190D972600E5AD9D /* IndexVector.cpp in Sources */ = {isa = PBXBuildFile; fileRef = D01DDAEB190D972600E5AD9D /* IndexVector.cpp */; };
		D01DDB00190D972600E5AD9D /* KernelUtil.cpp in Sources */ = {isa = PBXBuildFile; fileRef = D01DDAEC190D972600E5AD9D /* KernelUtil.cpp */; };
		D01DDB01190D972600E5AD9D /* Local.cpp in Sources */ = {isa = PBXBuildFile; fileRef = D01DDAED190D972600E5AD9D /* Local.cpp */; };
		D01DDB02190D972600E5AD9D /* Map.cpp in Sources */ = {isa = PBXBuildFile; fileRef = D01DDAEE190D972600E5AD9D /* Map.cpp */; };
		D01DDB03190D972600E5AD9D /* MatrixSize.cpp in Sources */ = {isa = PBXBuildFile; fileRef = D01DDAEF190D972600E5AD9D /* MatrixSize.cpp */; };
		D01DDB04190D972600E5AD9D /* PlatformID.cpp in Sources */ = {isa = PBXBuildFile; fileRef = D01DDAF0190D972600E5AD9D /* PlatformID.cpp */; };
		D01DDB05190D972600E5AD9D /* Program.cpp in Sources */ = {isa = PBXBuildFile; fileRef = D01DDAF1190D972600E5AD9D /* Program.cpp */; };
		D01DDB06190D972600E5AD9D /* Significances.cpp in Sources */ = {isa = PBXBuildFile; fileRef = D01DDAF2190D972600E5AD9D /* Significances.cpp */; };
		D01DDB07190D972600E5AD9D /* SkelCL.cpp in Sources */ = {isa = PBXBuildFile; fileRef = D01DDAF3190D972600E5AD9D /* SkelCL.cpp */; };
		D01DDB08190D972600E5AD9D /* Skeleton.cpp in Sources */ = {isa = PBXBuildFile; fileRef = D01DDAF4190D972600E5AD9D /* Skeleton.cpp */; };
		D01DDB09190D972600E5AD9D /* Source.cpp in Sources */ = {isa = PBXBuildFile; fileRef = D01DDAF5190D972600E5AD9D /* Source.cpp */; };
		D01DDB0A190D972600E5AD9D /* Util.cpp in Sources */ = {isa = PBXBuildFile; fileRef = D01DDAF6190D972600E5AD9D /* Util.cpp */; };
		D01DDB50190D983600E5AD9D /* stooling.dylib in Frameworks */ = {isa = PBXBuildFile; fileRef = D01DDAE1190D969D00E5AD9D /* stooling.dylib */; };
		D01DDB51190D983F00E5AD9D /* stooling.dylib in Frameworks */ = {isa = PBXBuildFile; fileRef = D01DDAE1190D969D00E5AD9D /* stooling.dylib */; };
		D01DDB52190D984500E5AD9D /* stooling.dylib in Frameworks */ = {isa = PBXBuildFile; fileRef = D01DDAE1190D969D00E5AD9D /* stooling.dylib */; };
		D01DDB53190D984800E5AD9D /* stooling.dylib in Frameworks */ = {isa = PBXBuildFile; fileRef = D01DDAE1190D969D00E5AD9D /* stooling.dylib */; };
/* End PBXBuildFile section */

/* Begin PBXContainerItemProxy section */
		9E239E0B16AEA1E90078F339 /* PBXContainerItemProxy */ = {
			isa = PBXContainerItemProxy;
			containerPortal = 9E239E0716AEA1E80078F339 /* pvsutil.xcodeproj */;
			proxyType = 2;
			remoteGlobalIDString = 9E239E0016AEA1E80078F339;
			remoteInfo = pvsutil;
		};
		9E239E2516AEA4910078F339 /* PBXContainerItemProxy */ = {
			isa = PBXContainerItemProxy;
			containerPortal = 9E239E0716AEA1E80078F339 /* pvsutil.xcodeproj */;
			proxyType = 1;
			remoteGlobalIDString = 9E239DFF16AEA1E80078F339;
			remoteInfo = pvsutil;
		};
		D01DDAE0190D969D00E5AD9D /* PBXContainerItemProxy */ = {
			isa = PBXContainerItemProxy;
			containerPortal = D01DDADC190D969D00E5AD9D /* stooling.xcodeproj */;
			proxyType = 2;
			remoteGlobalIDString = D0047F59190D871800B0D26C;
			remoteInfo = stooling;
		};
		D01DDB54190D9B0E00E5AD9D /* PBXContainerItemProxy */ = {
			isa = PBXContainerItemProxy;
			containerPortal = D01DDADC190D969D00E5AD9D /* stooling.xcodeproj */;
			proxyType = 1;
			remoteGlobalIDString = D0047F58190D871800B0D26C;
			remoteInfo = stooling;
		};
		D01DDB56190D9B1200E5AD9D /* PBXContainerItemProxy */ = {
			isa = PBXContainerItemProxy;
			containerPortal = 9EA6576C1663AAC200904417 /* Project object */;
			proxyType = 1;
			remoteGlobalIDString = 9EA657741663AAC200904417;
			remoteInfo = skelcl;
		};
		D01DDB58190D9B1500E5AD9D /* PBXContainerItemProxy */ = {
			isa = PBXContainerItemProxy;
			containerPortal = 9EA6576C1663AAC200904417 /* Project object */;
			proxyType = 1;
			remoteGlobalIDString = 9EA657741663AAC200904417;
			remoteInfo = skelcl;
		};
		D01DDB5A190D9B1900E5AD9D /* PBXContainerItemProxy */ = {
			isa = PBXContainerItemProxy;
			containerPortal = 9EA6576C1663AAC200904417 /* Project object */;
			proxyType = 1;
			remoteGlobalIDString = 9EA657741663AAC200904417;
			remoteInfo = skelcl;
		};
		D01DDB5C190D9B1C00E5AD9D /* PBXContainerItemProxy */ = {
			isa = PBXContainerItemProxy;
			containerPortal = 9EA6576C1663AAC200904417 /* Project object */;
			proxyType = 1;
			remoteGlobalIDString = 9EA657741663AAC200904417;
			remoteInfo = skelcl;
		};
		D01DDB5E190D9B1F00E5AD9D /* PBXContainerItemProxy */ = {
			isa = PBXContainerItemProxy;
			containerPortal = 9EA6576C1663AAC200904417 /* Project object */;
			proxyType = 1;
			remoteGlobalIDString = D01DDACD190D965900E5AD9D;
			remoteInfo = gtest;
		};
/* End PBXContainerItemProxy section */

/* Begin PBXCopyFilesBuildPhase section */
		9E0A903F1663C27900ACD2B4 /* CopyFiles */ = {
			isa = PBXCopyFilesBuildPhase;
			buildActionMask = 2147483647;
			dstPath = /usr/share/man/man1/;
			dstSubfolderSpec = 0;
			files = (
			);
			runOnlyForDeploymentPostprocessing = 1;
		};
		9E0A91421664B7C300ACD2B4 /* CopyFiles */ = {
			isa = PBXCopyFilesBuildPhase;
			buildActionMask = 2147483647;
			dstPath = /usr/share/man/man1/;
			dstSubfolderSpec = 0;
			files = (
			);
			runOnlyForDeploymentPostprocessing = 1;
		};
		9E0A914E1664B7C700ACD2B4 /* CopyFiles */ = {
			isa = PBXCopyFilesBuildPhase;
			buildActionMask = 2147483647;
			dstPath = /usr/share/man/man1/;
			dstSubfolderSpec = 0;
			files = (
			);
			runOnlyForDeploymentPostprocessing = 1;
		};
		9EA658861663AE9800904417 /* CopyFiles */ = {
			isa = PBXCopyFilesBuildPhase;
			buildActionMask = 2147483647;
			dstPath = /usr/share/man/man1/;
			dstSubfolderSpec = 0;
			files = (
			);
			runOnlyForDeploymentPostprocessing = 1;
		};
/* End PBXCopyFilesBuildPhase section */

/* Begin PBXFileReference section */
		9E0A90431663C27900ACD2B4 /* skelcl - All Tests */ = {isa = PBXFileReference; explicitFileType = "compiled.mach-o.executable"; includeInIndex = 0; path = "skelcl - All Tests"; sourceTree = BUILT_PRODUCTS_DIR; };
		9E0A90521663C58000ACD2B4 /* CMakeLists.txt */ = {isa = PBXFileReference; lastKnownFileType = text; path = CMakeLists.txt; sourceTree = "<group>"; };
		9E0A91461664B7C300ACD2B4 /* mandelbrot */ = {isa = PBXFileReference; explicitFileType = "compiled.mach-o.executable"; includeInIndex = 0; path = mandelbrot; sourceTree = BUILT_PRODUCTS_DIR; };
		9E0A91521664B7C700ACD2B4 /* saxpy */ = {isa = PBXFileReference; explicitFileType = "compiled.mach-o.executable"; includeInIndex = 0; path = saxpy; sourceTree = BUILT_PRODUCTS_DIR; };
		9E239E0716AEA1E80078F339 /* pvsutil.xcodeproj */ = {isa = PBXFileReference; lastKnownFileType = "wrapper.pb-project"; name = pvsutil.xcodeproj; path = ../pvsutil/pvsutil.xcodeproj; sourceTree = "<group>"; };
		9EA657751663AAC200904417 /* libskelcl.dylib */ = {isa = PBXFileReference; explicitFileType = "compiled.mach-o.dylib"; includeInIndex = 0; path = libskelcl.dylib; sourceTree = BUILT_PRODUCTS_DIR; };
		9EA658101663AAFD00904417 /* OpenCL.framework */ = {isa = PBXFileReference; lastKnownFileType = wrapper.framework; name = OpenCL.framework; path = System/Library/Frameworks/OpenCL.framework; sourceTree = SDKROOT; };
		9EA658291663AC3000904417 /* libcrypto.dylib */ = {isa = PBXFileReference; lastKnownFileType = "compiled.mach-o.dylib"; name = libcrypto.dylib; path = usr/lib/libcrypto.dylib; sourceTree = SDKROOT; };
		9EA658521663ACEC00904417 /* DeviceSelectionTests.cpp */ = {isa = PBXFileReference; lastKnownFileType = sourcecode.cpp.cpp; path = DeviceSelectionTests.cpp; sourceTree = "<group>"; };
		9EA658531663ACEC00904417 /* DevicesTests.cpp */ = {isa = PBXFileReference; lastKnownFileType = sourcecode.cpp.cpp; path = DevicesTests.cpp; sourceTree = "<group>"; };
		9EA658541663ACEC00904417 /* DeviceTests.cpp */ = {isa = PBXFileReference; lastKnownFileType = sourcecode.cpp.cpp; path = DeviceTests.cpp; sourceTree = "<group>"; };
		9EA658551663ACEC00904417 /* DistributionTests.cpp */ = {isa = PBXFileReference; lastKnownFileType = sourcecode.cpp.cpp; path = DistributionTests.cpp; sourceTree = "<group>"; };
		9EA658561663ACEC00904417 /* IndexMatrixTests.cpp */ = {isa = PBXFileReference; lastKnownFileType = sourcecode.cpp.cpp; path = IndexMatrixTests.cpp; sourceTree = "<group>"; };
		9EA658571663ACEC00904417 /* IndexVectorTests.cpp */ = {isa = PBXFileReference; lastKnownFileType = sourcecode.cpp.cpp; path = IndexVectorTests.cpp; sourceTree = "<group>"; };
		9EA658581663ACEC00904417 /* MapTests.cpp */ = {isa = PBXFileReference; lastKnownFileType = sourcecode.cpp.cpp; path = MapTests.cpp; sourceTree = "<group>"; };
		9EA658591663ACEC00904417 /* MatrixTests.cpp */ = {isa = PBXFileReference; lastKnownFileType = sourcecode.cpp.cpp; path = MatrixTests.cpp; sourceTree = "<group>"; };
		9EA6585A1663ACEC00904417 /* ProgramTests.cpp */ = {isa = PBXFileReference; lastKnownFileType = sourcecode.cpp.cpp; path = ProgramTests.cpp; sourceTree = "<group>"; };
		9EA6585B1663ACEC00904417 /* ReduceTests.cpp */ = {isa = PBXFileReference; lastKnownFileType = sourcecode.cpp.cpp; path = ReduceTests.cpp; sourceTree = "<group>"; };
		9EA6585C1663ACEC00904417 /* SHA1Tests.cpp */ = {isa = PBXFileReference; lastKnownFileType = sourcecode.cpp.cpp; path = SHA1Tests.cpp; sourceTree = "<group>"; };
		9EA6585D1663ACEC00904417 /* VectorTests.cpp */ = {isa = PBXFileReference; lastKnownFileType = sourcecode.cpp.cpp; path = VectorTests.cpp; sourceTree = "<group>"; };
		9EA6585E1663ACEC00904417 /* ZipTests.cpp */ = {isa = PBXFileReference; lastKnownFileType = sourcecode.cpp.cpp; path = ZipTests.cpp; sourceTree = "<group>"; };
		9EA658721663AD8D00904417 /* libgtest_main.a */ = {isa = PBXFileReference; lastKnownFileType = archive.ar; name = libgtest_main.a; path = ../gtest/build/libgtest_main.a; sourceTree = "<group>"; };
		9EA658731663AD8D00904417 /* libgtest.a */ = {isa = PBXFileReference; lastKnownFileType = archive.ar; name = libgtest.a; path = ../gtest/build/libgtest.a; sourceTree = "<group>"; };
		9EA658791663AE7D00904417 /* CMakeLists.txt */ = {isa = PBXFileReference; lastKnownFileType = text; path = CMakeLists.txt; sourceTree = "<group>"; };
		9EA6587B1663AE7D00904417 /* CMakeLists.txt */ = {isa = PBXFileReference; lastKnownFileType = text; path = CMakeLists.txt; sourceTree = "<group>"; };
		9EA6587C1663AE7D00904417 /* main.cpp */ = {isa = PBXFileReference; lastKnownFileType = sourcecode.cpp.cpp; path = main.cpp; sourceTree = "<group>"; };
		9EA6587E1663AE7D00904417 /* CMakeLists.txt */ = {isa = PBXFileReference; lastKnownFileType = text; path = CMakeLists.txt; sourceTree = "<group>"; };
		9EA6587F1663AE7D00904417 /* main.cpp */ = {isa = PBXFileReference; lastKnownFileType = sourcecode.cpp.cpp; path = main.cpp; sourceTree = "<group>"; };
		9EA658801663AE7D00904417 /* mandelbrot.cl */ = {isa = PBXFileReference; lastKnownFileType = sourcecode.opencl; path = mandelbrot.cl; sourceTree = "<group>"; };
		9EA658821663AE7D00904417 /* CMakeLists.txt */ = {isa = PBXFileReference; lastKnownFileType = text; path = CMakeLists.txt; sourceTree = "<group>"; };
		9EA658831663AE7D00904417 /* main.cpp */ = {isa = PBXFileReference; lastKnownFileType = sourcecode.cpp.cpp; path = main.cpp; sourceTree = "<group>"; };
		9EA658881663AE9800904417 /* dot_product */ = {isa = PBXFileReference; explicitFileType = "compiled.mach-o.executable"; includeInIndex = 0; path = dot_product; sourceTree = BUILT_PRODUCTS_DIR; };
		9EA8042A16AEC12700CAA765 /* AllPairsTests.cpp */ = {isa = PBXFileReference; fileEncoding = 4; lastKnownFileType = sourcecode.cpp.cpp; path = AllPairsTests.cpp; sourceTree = "<group>"; };
		D01DDADC190D969D00E5AD9D /* stooling.xcodeproj */ = {isa = PBXFileReference; lastKnownFileType = "wrapper.pb-project"; name = stooling.xcodeproj; path = ../stooling/stooling.xcodeproj; sourceTree = "<group>"; };
		D01DDAE3190D972600E5AD9D /* Device.cpp */ = {isa = PBXFileReference; fileEncoding = 4; lastKnownFileType = sourcecode.cpp.cpp; path = Device.cpp; sourceTree = "<group>"; };
		D01DDAE4190D972600E5AD9D /* DeviceBuffer.cpp */ = {isa = PBXFileReference; fileEncoding = 4; lastKnownFileType = sourcecode.cpp.cpp; path = DeviceBuffer.cpp; sourceTree = "<group>"; };
		D01DDAE5190D972600E5AD9D /* DeviceID.cpp */ = {isa = PBXFileReference; fileEncoding = 4; lastKnownFileType = sourcecode.cpp.cpp; path = DeviceID.cpp; sourceTree = "<group>"; };
		D01DDAE6190D972600E5AD9D /* DeviceList.cpp */ = {isa = PBXFileReference; fileEncoding = 4; lastKnownFileType = sourcecode.cpp.cpp; path = DeviceList.cpp; sourceTree = "<group>"; };
		D01DDAE7190D972600E5AD9D /* DeviceProperties.cpp */ = {isa = PBXFileReference; fileEncoding = 4; lastKnownFileType = sourcecode.cpp.cpp; path = DeviceProperties.cpp; sourceTree = "<group>"; };
		D01DDAE8190D972600E5AD9D /* Event.cpp */ = {isa = PBXFileReference; fileEncoding = 4; lastKnownFileType = sourcecode.cpp.cpp; path = Event.cpp; sourceTree = "<group>"; };
		D01DDAE9190D972600E5AD9D /* Index.cpp */ = {isa = PBXFileReference; fileEncoding = 4; lastKnownFileType = sourcecode.cpp.cpp; path = Index.cpp; sourceTree = "<group>"; };
		D01DDAEA190D972600E5AD9D /* IndexMatrix.cpp */ = {isa = PBXFileReference; fileEncoding = 4; lastKnownFileType = sourcecode.cpp.cpp; path = IndexMatrix.cpp; sourceTree = "<group>"; };
		D01DDAEB190D972600E5AD9D /* IndexVector.cpp */ = {isa = PBXFileReference; fileEncoding = 4; lastKnownFileType = sourcecode.cpp.cpp; path = IndexVector.cpp; sourceTree = "<group>"; };
		D01DDAEC190D972600E5AD9D /* KernelUtil.cpp */ = {isa = PBXFileReference; fileEncoding = 4; lastKnownFileType = sourcecode.cpp.cpp; path = KernelUtil.cpp; sourceTree = "<group>"; };
		D01DDAED190D972600E5AD9D /* Local.cpp */ = {isa = PBXFileReference; fileEncoding = 4; lastKnownFileType = sourcecode.cpp.cpp; path = Local.cpp; sourceTree = "<group>"; };
		D01DDAEE190D972600E5AD9D /* Map.cpp */ = {isa = PBXFileReference; fileEncoding = 4; lastKnownFileType = sourcecode.cpp.cpp; path = Map.cpp; sourceTree = "<group>"; };
		D01DDAEF190D972600E5AD9D /* MatrixSize.cpp */ = {isa = PBXFileReference; fileEncoding = 4; lastKnownFileType = sourcecode.cpp.cpp; path = MatrixSize.cpp; sourceTree = "<group>"; };
		D01DDAF0190D972600E5AD9D /* PlatformID.cpp */ = {isa = PBXFileReference; fileEncoding = 4; lastKnownFileType = sourcecode.cpp.cpp; path = PlatformID.cpp; sourceTree = "<group>"; };
		D01DDAF1190D972600E5AD9D /* Program.cpp */ = {isa = PBXFileReference; fileEncoding = 4; lastKnownFileType = sourcecode.cpp.cpp; path = Program.cpp; sourceTree = "<group>"; };
		D01DDAF2190D972600E5AD9D /* Significances.cpp */ = {isa = PBXFileReference; fileEncoding = 4; lastKnownFileType = sourcecode.cpp.cpp; path = Significances.cpp; sourceTree = "<group>"; };
		D01DDAF3190D972600E5AD9D /* SkelCL.cpp */ = {isa = PBXFileReference; fileEncoding = 4; lastKnownFileType = sourcecode.cpp.cpp; path = SkelCL.cpp; sourceTree = "<group>"; };
		D01DDAF4190D972600E5AD9D /* Skeleton.cpp */ = {isa = PBXFileReference; fileEncoding = 4; lastKnownFileType = sourcecode.cpp.cpp; path = Skeleton.cpp; sourceTree = "<group>"; };
		D01DDAF5190D972600E5AD9D /* Source.cpp */ = {isa = PBXFileReference; fileEncoding = 4; lastKnownFileType = sourcecode.cpp.cpp; path = Source.cpp; sourceTree = "<group>"; };
		D01DDAF6190D972600E5AD9D /* Util.cpp */ = {isa = PBXFileReference; fileEncoding = 4; lastKnownFileType = sourcecode.cpp.cpp; path = Util.cpp; sourceTree = "<group>"; };
		D01DDB0C190D973800E5AD9D /* cl.h */ = {isa = PBXFileReference; lastKnownFileType = sourcecode.c.h; path = cl.h; sourceTree = "<group>"; };
		D01DDB0D190D973800E5AD9D /* cl.hpp */ = {isa = PBXFileReference; lastKnownFileType = sourcecode.cpp.h; path = cl.hpp; sourceTree = "<group>"; };
		D01DDB0E190D973800E5AD9D /* cl_ext.h */ = {isa = PBXFileReference; lastKnownFileType = sourcecode.c.h; path = cl_ext.h; sourceTree = "<group>"; };
		D01DDB0F190D973800E5AD9D /* cl_gl.h */ = {isa = PBXFileReference; lastKnownFileType = sourcecode.c.h; path = cl_gl.h; sourceTree = "<group>"; };
		D01DDB10190D973800E5AD9D /* cl_gl_ext.h */ = {isa = PBXFileReference; lastKnownFileType = sourcecode.c.h; path = cl_gl_ext.h; sourceTree = "<group>"; };
		D01DDB11190D973800E5AD9D /* cl_platform.h */ = {isa = PBXFileReference; lastKnownFileType = sourcecode.c.h; path = cl_platform.h; sourceTree = "<group>"; };
		D01DDB12190D973800E5AD9D /* opencl.h */ = {isa = PBXFileReference; lastKnownFileType = sourcecode.c.h; path = opencl.h; sourceTree = "<group>"; };
		D01DDB14190D973800E5AD9D /* AllPairs.h */ = {isa = PBXFileReference; lastKnownFileType = sourcecode.c.h; path = AllPairs.h; sourceTree = "<group>"; };
		D01DDB16190D973800E5AD9D /* AllPairsDef.h */ = {isa = PBXFileReference; lastKnownFileType = sourcecode.c.h; path = AllPairsDef.h; sourceTree = "<group>"; };
		D01DDB17190D973800E5AD9D /* AllPairsKernel.cl */ = {isa = PBXFileReference; lastKnownFileType = sourcecode.opencl; path = AllPairsKernel.cl; sourceTree = "<group>"; };
		D01DDB18190D973800E5AD9D /* AllPairsKernel2.cl */ = {isa = PBXFileReference; lastKnownFileType = sourcecode.opencl; path = AllPairsKernel2.cl; sourceTree = "<group>"; };
		D01DDB19190D973800E5AD9D /* AllPairsKernel3.cl */ = {isa = PBXFileReference; lastKnownFileType = sourcecode.opencl; path = AllPairsKernel3.cl; sourceTree = "<group>"; };
		D01DDB1A190D973800E5AD9D /* BlockDistribution.h */ = {isa = PBXFileReference; lastKnownFileType = sourcecode.c.h; path = BlockDistribution.h; sourceTree = "<group>"; };
		D01DDB1B190D973800E5AD9D /* BlockDistributionDef.h */ = {isa = PBXFileReference; lastKnownFileType = sourcecode.c.h; path = BlockDistributionDef.h; sourceTree = "<group>"; };
		D01DDB1C190D973800E5AD9D /* Container.h */ = {isa = PBXFileReference; lastKnownFileType = sourcecode.c.h; path = Container.h; sourceTree = "<group>"; };
		D01DDB1D190D973800E5AD9D /* CopyDistribution.h */ = {isa = PBXFileReference; lastKnownFileType = sourcecode.c.h; path = CopyDistribution.h; sourceTree = "<group>"; };
		D01DDB1E190D973800E5AD9D /* CopyDistributionDef.h */ = {isa = PBXFileReference; lastKnownFileType = sourcecode.c.h; path = CopyDistributionDef.h; sourceTree = "<group>"; };
		D01DDB1F190D973800E5AD9D /* Device.h */ = {isa = PBXFileReference; lastKnownFileType = sourcecode.c.h; path = Device.h; sourceTree = "<group>"; };
		D01DDB20190D973800E5AD9D /* DeviceBuffer.h */ = {isa = PBXFileReference; lastKnownFileType = sourcecode.c.h; path = DeviceBuffer.h; sourceTree = "<group>"; };
		D01DDB21190D973800E5AD9D /* DeviceID.h */ = {isa = PBXFileReference; lastKnownFileType = sourcecode.c.h; path = DeviceID.h; sourceTree = "<group>"; };
		D01DDB22190D973800E5AD9D /* DeviceList.h */ = {isa = PBXFileReference; lastKnownFileType = sourcecode.c.h; path = DeviceList.h; sourceTree = "<group>"; };
		D01DDB23190D973800E5AD9D /* DeviceProperties.h */ = {isa = PBXFileReference; lastKnownFileType = sourcecode.c.h; path = DeviceProperties.h; sourceTree = "<group>"; };
		D01DDB24190D973800E5AD9D /* Distribution.h */ = {isa = PBXFileReference; lastKnownFileType = sourcecode.c.h; path = Distribution.h; sourceTree = "<group>"; };
		D01DDB25190D973800E5AD9D /* DistributionDef.h */ = {isa = PBXFileReference; lastKnownFileType = sourcecode.c.h; path = DistributionDef.h; sourceTree = "<group>"; };
		D01DDB26190D973800E5AD9D /* Event.h */ = {isa = PBXFileReference; lastKnownFileType = sourcecode.c.h; path = Event.h; sourceTree = "<group>"; };
		D01DDB27190D973800E5AD9D /* IndexMatrixDef.h */ = {isa = PBXFileReference; lastKnownFileType = sourcecode.c.h; path = IndexMatrixDef.h; sourceTree = "<group>"; };
		D01DDB28190D973800E5AD9D /* IndexVectorDef.h */ = {isa = PBXFileReference; lastKnownFileType = sourcecode.c.h; path = IndexVectorDef.h; sourceTree = "<group>"; };
		D01DDB29190D973800E5AD9D /* KernelUtil.h */ = {isa = PBXFileReference; lastKnownFileType = sourcecode.c.h; path = KernelUtil.h; sourceTree = "<group>"; };
		D01DDB2A190D973800E5AD9D /* Macros.h */ = {isa = PBXFileReference; lastKnownFileType = sourcecode.c.h; path = Macros.h; sourceTree = "<group>"; };
		D01DDB2B190D973800E5AD9D /* MapDef.h */ = {isa = PBXFileReference; lastKnownFileType = sourcecode.c.h; path = MapDef.h; sourceTree = "<group>"; };
		D01DDB2C190D973800E5AD9D /* MapHelper.h */ = {isa = PBXFileReference; lastKnownFileType = sourcecode.c.h; path = MapHelper.h; sourceTree = "<group>"; };
		D01DDB2D190D973800E5AD9D /* MapHelperDef.h */ = {isa = PBXFileReference; lastKnownFileType = sourcecode.c.h; path = MapHelperDef.h; sourceTree = "<group>"; };
		D01DDB2E190D973800E5AD9D /* MatrixDef.h */ = {isa = PBXFileReference; lastKnownFileType = sourcecode.c.h; path = MatrixDef.h; sourceTree = "<group>"; };
		D01DDB2F190D973800E5AD9D /* OverlapDistribution.h */ = {isa = PBXFileReference; lastKnownFileType = sourcecode.c.h; path = OverlapDistribution.h; sourceTree = "<group>"; };
		D01DDB30190D973800E5AD9D /* OverlapDistributionDef.h */ = {isa = PBXFileReference; lastKnownFileType = sourcecode.c.h; path = OverlapDistributionDef.h; sourceTree = "<group>"; };
		D01DDB31190D973800E5AD9D /* Padding.h */ = {isa = PBXFileReference; lastKnownFileType = sourcecode.c.h; path = Padding.h; sourceTree = "<group>"; };
		D01DDB32190D973800E5AD9D /* PlatformID.h */ = {isa = PBXFileReference; lastKnownFileType = sourcecode.c.h; path = PlatformID.h; sourceTree = "<group>"; };
		D01DDB33190D973800E5AD9D /* Program.h */ = {isa = PBXFileReference; lastKnownFileType = sourcecode.c.h; path = Program.h; sourceTree = "<group>"; };
		D01DDB34190D973800E5AD9D /* ReduceDef.h */ = {isa = PBXFileReference; lastKnownFileType = sourcecode.c.h; path = ReduceDef.h; sourceTree = "<group>"; };
		D01DDB35190D973800E5AD9D /* ReduceKernel.cl */ = {isa = PBXFileReference; lastKnownFileType = sourcecode.opencl; path = ReduceKernel.cl; sourceTree = "<group>"; };
		D01DDB36190D973800E5AD9D /* ScanDef.h */ = {isa = PBXFileReference; lastKnownFileType = sourcecode.c.h; path = ScanDef.h; sourceTree = "<group>"; };
		D01DDB37190D973800E5AD9D /* ScanKernel.cl */ = {isa = PBXFileReference; lastKnownFileType = sourcecode.opencl; path = ScanKernel.cl; sourceTree = "<group>"; };
		D01DDB38190D973800E5AD9D /* Significances.h */ = {isa = PBXFileReference; lastKnownFileType = sourcecode.c.h; path = Significances.h; sourceTree = "<group>"; };
		D01DDB39190D973800E5AD9D /* SingleDistribution.h */ = {isa = PBXFileReference; lastKnownFileType = sourcecode.c.h; path = SingleDistribution.h; sourceTree = "<group>"; };
		D01DDB3A190D973800E5AD9D /* SingleDistributionDef.h */ = {isa = PBXFileReference; lastKnownFileType = sourcecode.c.h; path = SingleDistributionDef.h; sourceTree = "<group>"; };
		D01DDB3B190D973800E5AD9D /* skelclDll.h */ = {isa = PBXFileReference; lastKnownFileType = sourcecode.c.h; path = skelclDll.h; sourceTree = "<group>"; };
		D01DDB3C190D973800E5AD9D /* Skeleton.h */ = {isa = PBXFileReference; lastKnownFileType = sourcecode.c.h; path = Skeleton.h; sourceTree = "<group>"; };
		D01DDB3D190D973800E5AD9D /* Types.h */ = {isa = PBXFileReference; lastKnownFileType = sourcecode.c.h; path = Types.h; sourceTree = "<group>"; };
		D01DDB3E190D973800E5AD9D /* Util.h */ = {isa = PBXFileReference; lastKnownFileType = sourcecode.c.h; path = Util.h; sourceTree = "<group>"; };
		D01DDB3F190D973800E5AD9D /* VectorDef.h */ = {isa = PBXFileReference; lastKnownFileType = sourcecode.c.h; path = VectorDef.h; sourceTree = "<group>"; };
		D01DDB40190D973800E5AD9D /* ZipDef.h */ = {isa = PBXFileReference; lastKnownFileType = sourcecode.c.h; path = ZipDef.h; sourceTree = "<group>"; };
		D01DDB41190D973800E5AD9D /* Distributions.h */ = {isa = PBXFileReference; lastKnownFileType = sourcecode.c.h; path = Distributions.h; sourceTree = "<group>"; };
		D01DDB42190D973800E5AD9D /* Index.h */ = {isa = PBXFileReference; lastKnownFileType = sourcecode.c.h; path = Index.h; sourceTree = "<group>"; };
		D01DDB43190D973800E5AD9D /* IndexMatrix.h */ = {isa = PBXFileReference; lastKnownFileType = sourcecode.c.h; path = IndexMatrix.h; sourceTree = "<group>"; };
		D01DDB44190D973800E5AD9D /* IndexVector.h */ = {isa = PBXFileReference; lastKnownFileType = sourcecode.c.h; path = IndexVector.h; sourceTree = "<group>"; };
		D01DDB45190D973800E5AD9D /* Local.h */ = {isa = PBXFileReference; lastKnownFileType = sourcecode.c.h; path = Local.h; sourceTree = "<group>"; };
		D01DDB46190D973800E5AD9D /* Map.h */ = {isa = PBXFileReference; lastKnownFileType = sourcecode.c.h; path = Map.h; sourceTree = "<group>"; };
		D01DDB47190D973800E5AD9D /* Matrix.h */ = {isa = PBXFileReference; lastKnownFileType = sourcecode.c.h; path = Matrix.h; sourceTree = "<group>"; };
		D01DDB48190D973800E5AD9D /* Out.h */ = {isa = PBXFileReference; lastKnownFileType = sourcecode.c.h; path = Out.h; sourceTree = "<group>"; };
		D01DDB49190D973800E5AD9D /* Reduce.h */ = {isa = PBXFileReference; lastKnownFileType = sourcecode.c.h; path = Reduce.h; sourceTree = "<group>"; };
		D01DDB4A190D973800E5AD9D /* Scan.h */ = {isa = PBXFileReference; lastKnownFileType = sourcecode.c.h; path = Scan.h; sourceTree = "<group>"; };
		D01DDB4B190D973800E5AD9D /* SkelCL.h */ = {isa = PBXFileReference; lastKnownFileType = sourcecode.c.h; path = SkelCL.h; sourceTree = "<group>"; };
		D01DDB4C190D973800E5AD9D /* Source.h */ = {isa = PBXFileReference; lastKnownFileType = sourcecode.c.h; path = Source.h; sourceTree = "<group>"; };
		D01DDB4D190D973800E5AD9D /* Vector.h */ = {isa = PBXFileReference; lastKnownFileType = sourcecode.c.h; path = Vector.h; sourceTree = "<group>"; };
		D01DDB4E190D973800E5AD9D /* Zip.h */ = {isa = PBXFileReference; lastKnownFileType = sourcecode.c.h; path = Zip.h; sourceTree = "<group>"; };
/* End PBXFileReference section */

/* Begin PBXFrameworksBuildPhase section */
		9E0A90391663C27900ACD2B4 /* Frameworks */ = {
			isa = PBXFrameworksBuildPhase;
			buildActionMask = 2147483647;
			files = (
				D01DDB50190D983600E5AD9D /* stooling.dylib in Frameworks */,
				9E239E2D16AEA5380078F339 /* libpvsutil.dylib in Frameworks */,
				9E0A903A1663C27900ACD2B4 /* libgtest_main.a in Frameworks */,
				9E0A903B1663C27900ACD2B4 /* libgtest.a in Frameworks */,
				9E0A903D1663C27900ACD2B4 /* libskelcl.dylib in Frameworks */,
				9E0A903E1663C27900ACD2B4 /* OpenCL.framework in Frameworks */,
			);
			runOnlyForDeploymentPostprocessing = 0;
		};
		9E0A913F1664B7C300ACD2B4 /* Frameworks */ = {
			isa = PBXFrameworksBuildPhase;
			buildActionMask = 2147483647;
			files = (
				D01DDB52190D984500E5AD9D /* stooling.dylib in Frameworks */,
				9E239E3C16AEA5750078F339 /* libpvsutil.dylib in Frameworks */,
				9E0A91401664B7C300ACD2B4 /* libskelcl.dylib in Frameworks */,
				9E0A91411664B7C300ACD2B4 /* OpenCL.framework in Frameworks */,
			);
			runOnlyForDeploymentPostprocessing = 0;
		};
		9E0A914B1664B7C700ACD2B4 /* Frameworks */ = {
			isa = PBXFrameworksBuildPhase;
			buildActionMask = 2147483647;
			files = (
				D01DDB51190D983F00E5AD9D /* stooling.dylib in Frameworks */,
				9E239E3B16AEA5720078F339 /* libpvsutil.dylib in Frameworks */,
				9E0A914C1664B7C700ACD2B4 /* libskelcl.dylib in Frameworks */,
				9E0A914D1664B7C700ACD2B4 /* OpenCL.framework in Frameworks */,
			);
			runOnlyForDeploymentPostprocessing = 0;
		};
		9EA657721663AAC200904417 /* Frameworks */ = {
			isa = PBXFrameworksBuildPhase;
			buildActionMask = 2147483647;
			files = (
				D01DDAE2190D970F00E5AD9D /* stooling.dylib in Frameworks */,
				9E239E2416AEA47D0078F339 /* libpvsutil.dylib in Frameworks */,
				9EA6582A1663AC3000904417 /* libcrypto.dylib in Frameworks */,
				9EA658111663AAFD00904417 /* OpenCL.framework in Frameworks */,
			);
			runOnlyForDeploymentPostprocessing = 0;
		};
		9EA658851663AE9800904417 /* Frameworks */ = {
			isa = PBXFrameworksBuildPhase;
			buildActionMask = 2147483647;
			files = (
				D01DDB53190D984800E5AD9D /* stooling.dylib in Frameworks */,
				9E239E3D16AEA57B0078F339 /* libpvsutil.dylib in Frameworks */,
				9EA658931663AEBA00904417 /* libskelcl.dylib in Frameworks */,
				9EA658941663AEC800904417 /* OpenCL.framework in Frameworks */,
			);
			runOnlyForDeploymentPostprocessing = 0;
		};
/* End PBXFrameworksBuildPhase section */

/* Begin PBXGroup section */
		9E239E0816AEA1E80078F339 /* Products */ = {
			isa = PBXGroup;
			children = (
				9E239E0C16AEA1E90078F339 /* libpvsutil.dylib */,
			);
			name = Products;
			sourceTree = "<group>";
		};
		9EA6576A1663AAC200904417 = {
			isa = PBXGroup;
			children = (
				9EA6577C1663AADB00904417 /* include */,
				9EA657B71663AADB00904417 /* src */,
				9EA658501663ACEC00904417 /* test */,
				9EA658781663AE7D00904417 /* examples */,
				9EA6582B1663AC6100904417 /* Libraries */,
				9EA657761663AAC200904417 /* Products */,
			);
			sourceTree = "<group>";
		};
		9EA657761663AAC200904417 /* Products */ = {
			isa = PBXGroup;
			children = (
				9EA657751663AAC200904417 /* libskelcl.dylib */,
				9EA658881663AE9800904417 /* dot_product */,
				9E0A90431663C27900ACD2B4 /* skelcl - All Tests */,
				9E0A91461664B7C300ACD2B4 /* mandelbrot */,
				9E0A91521664B7C700ACD2B4 /* saxpy */,
			);
			name = Products;
			sourceTree = "<group>";
		};
		9EA6577C1663AADB00904417 /* include */ = {
			isa = PBXGroup;
			children = (
				D01DDB0B190D973800E5AD9D /* CL */,
				D01DDB13190D973800E5AD9D /* SkelCL */,
			);
			name = include;
			path = ../../include;
			sourceTree = "<group>";
		};
		9EA657B71663AADB00904417 /* src */ = {
			isa = PBXGroup;
			children = (
				D01DDAE3190D972600E5AD9D /* Device.cpp */,
				D01DDAE4190D972600E5AD9D /* DeviceBuffer.cpp */,
				D01DDAE5190D972600E5AD9D /* DeviceID.cpp */,
				D01DDAE6190D972600E5AD9D /* DeviceList.cpp */,
				D01DDAE7190D972600E5AD9D /* DeviceProperties.cpp */,
				D01DDAE8190D972600E5AD9D /* Event.cpp */,
				D01DDAE9190D972600E5AD9D /* Index.cpp */,
				D01DDAEA190D972600E5AD9D /* IndexMatrix.cpp */,
				D01DDAEB190D972600E5AD9D /* IndexVector.cpp */,
				D01DDAEC190D972600E5AD9D /* KernelUtil.cpp */,
				D01DDAED190D972600E5AD9D /* Local.cpp */,
				D01DDAEE190D972600E5AD9D /* Map.cpp */,
				D01DDAEF190D972600E5AD9D /* MatrixSize.cpp */,
				D01DDAF0190D972600E5AD9D /* PlatformID.cpp */,
				D01DDAF1190D972600E5AD9D /* Program.cpp */,
				D01DDAF2190D972600E5AD9D /* Significances.cpp */,
				D01DDAF3190D972600E5AD9D /* SkelCL.cpp */,
				D01DDAF4190D972600E5AD9D /* Skeleton.cpp */,
				D01DDAF5190D972600E5AD9D /* Source.cpp */,
				D01DDAF6190D972600E5AD9D /* Util.cpp */,
			);
			name = src;
			path = ../../src;
			sourceTree = "<group>";
		};
		9EA6582B1663AC6100904417 /* Libraries */ = {
			isa = PBXGroup;
			children = (
				9E239E0716AEA1E80078F339 /* pvsutil.xcodeproj */,
				D01DDADC190D969D00E5AD9D /* stooling.xcodeproj */,
				9EA658101663AAFD00904417 /* OpenCL.framework */,
				9EA658291663AC3000904417 /* libcrypto.dylib */,
				9EA658721663AD8D00904417 /* libgtest_main.a */,
				9EA658731663AD8D00904417 /* libgtest.a */,
			);
			name = Libraries;
			sourceTree = "<group>";
		};
		9EA658501663ACEC00904417 /* test */ = {
			isa = PBXGroup;
			children = (
				9EA8042A16AEC12700CAA765 /* AllPairsTests.cpp */,
				9E0A90521663C58000ACD2B4 /* CMakeLists.txt */,
				9EA658521663ACEC00904417 /* DeviceSelectionTests.cpp */,
				9EA658531663ACEC00904417 /* DevicesTests.cpp */,
				9EA658541663ACEC00904417 /* DeviceTests.cpp */,
				9EA658551663ACEC00904417 /* DistributionTests.cpp */,
				9EA658561663ACEC00904417 /* IndexMatrixTests.cpp */,
				9EA658571663ACEC00904417 /* IndexVectorTests.cpp */,
				9EA658581663ACEC00904417 /* MapTests.cpp */,
				9EA658591663ACEC00904417 /* MatrixTests.cpp */,
				9EA6585A1663ACEC00904417 /* ProgramTests.cpp */,
				9EA6585B1663ACEC00904417 /* ReduceTests.cpp */,
				9EA6585C1663ACEC00904417 /* SHA1Tests.cpp */,
				9EA6585D1663ACEC00904417 /* VectorTests.cpp */,
				9EA6585E1663ACEC00904417 /* ZipTests.cpp */,
			);
			name = test;
			path = ../../test;
			sourceTree = "<group>";
		};
		9EA658781663AE7D00904417 /* examples */ = {
			isa = PBXGroup;
			children = (
				9EA658791663AE7D00904417 /* CMakeLists.txt */,
				9EA6587A1663AE7D00904417 /* dot_product */,
				9EA6587D1663AE7D00904417 /* mandelbrot */,
				9EA658811663AE7D00904417 /* saxpy */,
			);
			name = examples;
			path = ../../examples;
			sourceTree = "<group>";
		};
		9EA6587A1663AE7D00904417 /* dot_product */ = {
			isa = PBXGroup;
			children = (
				9EA6587B1663AE7D00904417 /* CMakeLists.txt */,
				9EA6587C1663AE7D00904417 /* main.cpp */,
			);
			path = dot_product;
			sourceTree = "<group>";
		};
		9EA6587D1663AE7D00904417 /* mandelbrot */ = {
			isa = PBXGroup;
			children = (
				9EA6587E1663AE7D00904417 /* CMakeLists.txt */,
				9EA6587F1663AE7D00904417 /* main.cpp */,
				9EA658801663AE7D00904417 /* mandelbrot.cl */,
			);
			path = mandelbrot;
			sourceTree = "<group>";
		};
		9EA658811663AE7D00904417 /* saxpy */ = {
			isa = PBXGroup;
			children = (
				9EA658821663AE7D00904417 /* CMakeLists.txt */,
				9EA658831663AE7D00904417 /* main.cpp */,
			);
			path = saxpy;
			sourceTree = "<group>";
		};
		D01DDADD190D969D00E5AD9D /* Products */ = {
			isa = PBXGroup;
			children = (
				D01DDAE1190D969D00E5AD9D /* stooling.dylib */,
			);
			name = Products;
			sourceTree = "<group>";
		};
		D01DDB0B190D973800E5AD9D /* CL */ = {
			isa = PBXGroup;
			children = (
				D01DDB0C190D973800E5AD9D /* cl.h */,
				D01DDB0D190D973800E5AD9D /* cl.hpp */,
				D01DDB0E190D973800E5AD9D /* cl_ext.h */,
				D01DDB0F190D973800E5AD9D /* cl_gl.h */,
				D01DDB10190D973800E5AD9D /* cl_gl_ext.h */,
				D01DDB11190D973800E5AD9D /* cl_platform.h */,
				D01DDB12190D973800E5AD9D /* opencl.h */,
			);
			path = CL;
			sourceTree = "<group>";
		};
		D01DDB13190D973800E5AD9D /* SkelCL */ = {
			isa = PBXGroup;
			children = (
				D01DDB14190D973800E5AD9D /* AllPairs.h */,
				D01DDB15190D973800E5AD9D /* detail */,
				D01DDB41190D973800E5AD9D /* Distributions.h */,
				D01DDB42190D973800E5AD9D /* Index.h */,
				D01DDB43190D973800E5AD9D /* IndexMatrix.h */,
				D01DDB44190D973800E5AD9D /* IndexVector.h */,
				D01DDB45190D973800E5AD9D /* Local.h */,
				D01DDB46190D973800E5AD9D /* Map.h */,
				D01DDB47190D973800E5AD9D /* Matrix.h */,
				D01DDB48190D973800E5AD9D /* Out.h */,
				D01DDB49190D973800E5AD9D /* Reduce.h */,
				D01DDB4A190D973800E5AD9D /* Scan.h */,
				D01DDB4B190D973800E5AD9D /* SkelCL.h */,
				D01DDB4C190D973800E5AD9D /* Source.h */,
				D01DDB4D190D973800E5AD9D /* Vector.h */,
				D01DDB4E190D973800E5AD9D /* Zip.h */,
			);
			path = SkelCL;
			sourceTree = "<group>";
		};
		D01DDB15190D973800E5AD9D /* detail */ = {
			isa = PBXGroup;
			children = (
				D01DDB16190D973800E5AD9D /* AllPairsDef.h */,
				D01DDB17190D973800E5AD9D /* AllPairsKernel.cl */,
				D01DDB18190D973800E5AD9D /* AllPairsKernel2.cl */,
				D01DDB19190D973800E5AD9D /* AllPairsKernel3.cl */,
				D01DDB1A190D973800E5AD9D /* BlockDistribution.h */,
				D01DDB1B190D973800E5AD9D /* BlockDistributionDef.h */,
				D01DDB1C190D973800E5AD9D /* Container.h */,
				D01DDB1D190D973800E5AD9D /* CopyDistribution.h */,
				D01DDB1E190D973800E5AD9D /* CopyDistributionDef.h */,
				D01DDB1F190D973800E5AD9D /* Device.h */,
				D01DDB20190D973800E5AD9D /* DeviceBuffer.h */,
				D01DDB21190D973800E5AD9D /* DeviceID.h */,
				D01DDB22190D973800E5AD9D /* DeviceList.h */,
				D01DDB23190D973800E5AD9D /* DeviceProperties.h */,
				D01DDB24190D973800E5AD9D /* Distribution.h */,
				D01DDB25190D973800E5AD9D /* DistributionDef.h */,
				D01DDB26190D973800E5AD9D /* Event.h */,
				D01DDB27190D973800E5AD9D /* IndexMatrixDef.h */,
				D01DDB28190D973800E5AD9D /* IndexVectorDef.h */,
				D01DDB29190D973800E5AD9D /* KernelUtil.h */,
				D01DDB2A190D973800E5AD9D /* Macros.h */,
				D01DDB2B190D973800E5AD9D /* MapDef.h */,
				D01DDB2C190D973800E5AD9D /* MapHelper.h */,
				D01DDB2D190D973800E5AD9D /* MapHelperDef.h */,
				D01DDB2E190D973800E5AD9D /* MatrixDef.h */,
				D01DDB2F190D973800E5AD9D /* OverlapDistribution.h */,
				D01DDB30190D973800E5AD9D /* OverlapDistributionDef.h */,
				D01DDB31190D973800E5AD9D /* Padding.h */,
				D01DDB32190D973800E5AD9D /* PlatformID.h */,
				D01DDB33190D973800E5AD9D /* Program.h */,
				D01DDB34190D973800E5AD9D /* ReduceDef.h */,
				D01DDB35190D973800E5AD9D /* ReduceKernel.cl */,
				D01DDB36190D973800E5AD9D /* ScanDef.h */,
				D01DDB37190D973800E5AD9D /* ScanKernel.cl */,
				D01DDB38190D973800E5AD9D /* Significances.h */,
				D01DDB39190D973800E5AD9D /* SingleDistribution.h */,
				D01DDB3A190D973800E5AD9D /* SingleDistributionDef.h */,
				D01DDB3B190D973800E5AD9D /* skelclDll.h */,
				D01DDB3C190D973800E5AD9D /* Skeleton.h */,
				D01DDB3D190D973800E5AD9D /* Types.h */,
				D01DDB3E190D973800E5AD9D /* Util.h */,
				D01DDB3F190D973800E5AD9D /* VectorDef.h */,
				D01DDB40190D973800E5AD9D /* ZipDef.h */,
			);
			path = detail;
			sourceTree = "<group>";
		};
/* End PBXGroup section */

/* Begin PBXHeadersBuildPhase section */
		9EA657731663AAC200904417 /* Headers */ = {
			isa = PBXHeadersBuildPhase;
			buildActionMask = 2147483647;
			files = (
			);
			runOnlyForDeploymentPostprocessing = 0;
		};
/* End PBXHeadersBuildPhase section */

/* Begin PBXLegacyTarget section */
		D01DDACD190D965900E5AD9D /* gtest */ = {
			isa = PBXLegacyTarget;
			buildArgumentsString = "$(ACTION)";
			buildConfigurationList = D01DDADB190D965900E5AD9D /* Build configuration list for PBXLegacyTarget "gtest" */;
			buildPhases = (
			);
			buildToolPath = /usr/bin/make;
			buildWorkingDirectory = ../gtest;
			dependencies = (
			);
			name = gtest;
			passBuildSettingsInEnvironment = 1;
			productName = gtest;
		};
/* End PBXLegacyTarget section */

/* Begin PBXNativeTarget section */
		9E0A90341663C27900ACD2B4 /* skelcl - All Tests */ = {
			isa = PBXNativeTarget;
			buildConfigurationList = 9E0A90401663C27900ACD2B4 /* Build configuration list for PBXNativeTarget "skelcl - All Tests" */;
			buildPhases = (
				9E0A90371663C27900ACD2B4 /* Sources */,
				9E0A90391663C27900ACD2B4 /* Frameworks */,
				9E0A903F1663C27900ACD2B4 /* CopyFiles */,
			);
			buildRules = (
			);
			dependencies = (
				D01DDB5F190D9B1F00E5AD9D /* PBXTargetDependency */,
				D01DDB5D190D9B1C00E5AD9D /* PBXTargetDependency */,
			);
			name = "skelcl - All Tests";
			productName = DeviceSelectionTests;
			productReference = 9E0A90431663C27900ACD2B4 /* skelcl - All Tests */;
			productType = "com.apple.product-type.tool";
		};
		9E0A913C1664B7C300ACD2B4 /* mandelbrot */ = {
			isa = PBXNativeTarget;
			buildConfigurationList = 9E0A91431664B7C300ACD2B4 /* Build configuration list for PBXNativeTarget "mandelbrot" */;
			buildPhases = (
				9E0A913D1664B7C300ACD2B4 /* Sources */,
				9E0A913F1664B7C300ACD2B4 /* Frameworks */,
				9E0A91421664B7C300ACD2B4 /* CopyFiles */,
			);
			buildRules = (
			);
			dependencies = (
				D01DDB59190D9B1500E5AD9D /* PBXTargetDependency */,
			);
			name = mandelbrot;
			productName = dot_product;
			productReference = 9E0A91461664B7C300ACD2B4 /* mandelbrot */;
			productType = "com.apple.product-type.tool";
		};
		9E0A91481664B7C700ACD2B4 /* saxpy */ = {
			isa = PBXNativeTarget;
			buildConfigurationList = 9E0A914F1664B7C700ACD2B4 /* Build configuration list for PBXNativeTarget "saxpy" */;
			buildPhases = (
				9E0A91491664B7C700ACD2B4 /* Sources */,
				9E0A914B1664B7C700ACD2B4 /* Frameworks */,
				9E0A914E1664B7C700ACD2B4 /* CopyFiles */,
			);
			buildRules = (
			);
			dependencies = (
				D01DDB5B190D9B1900E5AD9D /* PBXTargetDependency */,
			);
			name = saxpy;
			productName = dot_product;
			productReference = 9E0A91521664B7C700ACD2B4 /* saxpy */;
			productType = "com.apple.product-type.tool";
		};
		9EA657741663AAC200904417 /* skelcl */ = {
			isa = PBXNativeTarget;
			buildConfigurationList = 9EA657791663AAC200904417 /* Build configuration list for PBXNativeTarget "skelcl" */;
			buildPhases = (
				9EA657711663AAC200904417 /* Sources */,
				9EA657721663AAC200904417 /* Frameworks */,
				9EA657731663AAC200904417 /* Headers */,
			);
			buildRules = (
			);
			dependencies = (
				D01DDB55190D9B0E00E5AD9D /* PBXTargetDependency */,
				9E239E2616AEA4910078F339 /* PBXTargetDependency */,
			);
			name = skelcl;
			productName = skelcl;
			productReference = 9EA657751663AAC200904417 /* libskelcl.dylib */;
			productType = "com.apple.product-type.library.dynamic";
		};
		9EA658871663AE9800904417 /* dot_product */ = {
			isa = PBXNativeTarget;
			buildConfigurationList = 9EA6588F1663AE9800904417 /* Build configuration list for PBXNativeTarget "dot_product" */;
			buildPhases = (
				9EA658841663AE9800904417 /* Sources */,
				9EA658851663AE9800904417 /* Frameworks */,
				9EA658861663AE9800904417 /* CopyFiles */,
			);
			buildRules = (
			);
			dependencies = (
				D01DDB57190D9B1200E5AD9D /* PBXTargetDependency */,
			);
			name = dot_product;
			productName = dot_product;
			productReference = 9EA658881663AE9800904417 /* dot_product */;
			productType = "com.apple.product-type.tool";
		};
/* End PBXNativeTarget section */

/* Begin PBXProject section */
		9EA6576C1663AAC200904417 /* Project object */ = {
			isa = PBXProject;
			attributes = {
				LastUpgradeCheck = 0450;
				ORGANIZATIONNAME = "University of Münster";
			};
			buildConfigurationList = 9EA6576F1663AAC200904417 /* Build configuration list for PBXProject "skelcl" */;
			compatibilityVersion = "Xcode 3.2";
			developmentRegion = English;
			hasScannedForEncodings = 0;
			knownRegions = (
				en,
			);
			mainGroup = 9EA6576A1663AAC200904417;
			productRefGroup = 9EA657761663AAC200904417 /* Products */;
			projectDirPath = "";
			projectReferences = (
				{
					ProductGroup = 9E239E0816AEA1E80078F339 /* Products */;
					ProjectRef = 9E239E0716AEA1E80078F339 /* pvsutil.xcodeproj */;
				},
				{
					ProductGroup = D01DDADD190D969D00E5AD9D /* Products */;
					ProjectRef = D01DDADC190D969D00E5AD9D /* stooling.xcodeproj */;
				},
			);
			projectRoot = "";
			targets = (
				9EA657741663AAC200904417 /* skelcl */,
				9EA658871663AE9800904417 /* dot_product */,
				9E0A913C1664B7C300ACD2B4 /* mandelbrot */,
				9E0A91481664B7C700ACD2B4 /* saxpy */,
				9E0A90341663C27900ACD2B4 /* skelcl - All Tests */,
				D01DDACD190D965900E5AD9D /* gtest */,
			);
		};
/* End PBXProject section */

/* Begin PBXReferenceProxy section */
		9E239E0C16AEA1E90078F339 /* libpvsutil.dylib */ = {
			isa = PBXReferenceProxy;
			fileType = "compiled.mach-o.dylib";
			path = libpvsutil.dylib;
			remoteRef = 9E239E0B16AEA1E90078F339 /* PBXContainerItemProxy */;
			sourceTree = BUILT_PRODUCTS_DIR;
		};
		D01DDAE1190D969D00E5AD9D /* stooling.dylib */ = {
			isa = PBXReferenceProxy;
			fileType = "compiled.mach-o.dylib";
			path = stooling.dylib;
			remoteRef = D01DDAE0190D969D00E5AD9D /* PBXContainerItemProxy */;
			sourceTree = BUILT_PRODUCTS_DIR;
		};
/* End PBXReferenceProxy section */

/* Begin PBXSourcesBuildPhase section */
		9E0A90371663C27900ACD2B4 /* Sources */ = {
			isa = PBXSourcesBuildPhase;
			buildActionMask = 2147483647;
			files = (
				9EA8042C16AEC16200CAA765 /* AllPairsTests.cpp in Sources */,
				9EA8042D16AEC16200CAA765 /* DeviceSelectionTests.cpp in Sources */,
				9EA8042E16AEC16200CAA765 /* DevicesTests.cpp in Sources */,
				9EA8042F16AEC16200CAA765 /* DeviceTests.cpp in Sources */,
				9E0A915C1664BA0D00ACD2B4 /* DistributionTests.cpp in Sources */,
				9EA8043016AEC16200CAA765 /* IndexMatrixTests.cpp in Sources */,
				9EA8043116AEC16200CAA765 /* IndexVectorTests.cpp in Sources */,
				9EA8043216AEC16200CAA765 /* MapTests.cpp in Sources */,
				9EA8043316AEC16200CAA765 /* MatrixTests.cpp in Sources */,
				9EA8043416AEC16200CAA765 /* ProgramTests.cpp in Sources */,
				9EA8043516AEC16200CAA765 /* ReduceTests.cpp in Sources */,
				9EA8043616AEC16200CAA765 /* SHA1Tests.cpp in Sources */,
				9EA8043716AEC16200CAA765 /* VectorTests.cpp in Sources */,
				9E0A915B1664B9E500ACD2B4 /* ZipTests.cpp in Sources */,
			);
			runOnlyForDeploymentPostprocessing = 0;
		};
		9E0A913D1664B7C300ACD2B4 /* Sources */ = {
			isa = PBXSourcesBuildPhase;
			buildActionMask = 2147483647;
			files = (
				9E0A91541664B7D800ACD2B4 /* main.cpp in Sources */,
			);
			runOnlyForDeploymentPostprocessing = 0;
		};
		9E0A91491664B7C700ACD2B4 /* Sources */ = {
			isa = PBXSourcesBuildPhase;
			buildActionMask = 2147483647;
			files = (
				9E0A91551664B80400ACD2B4 /* main.cpp in Sources */,
			);
			runOnlyForDeploymentPostprocessing = 0;
		};
		9EA657711663AAC200904417 /* Sources */ = {
			isa = PBXSourcesBuildPhase;
			buildActionMask = 2147483647;
			files = (
				D01DDB08190D972600E5AD9D /* Skeleton.cpp in Sources */,
				D01DDB05190D972600E5AD9D /* Program.cpp in Sources */,
				D01DDB00190D972600E5AD9D /* KernelUtil.cpp in Sources */,
				D01DDAFC190D972600E5AD9D /* Event.cpp in Sources */,
				D01DDAF7190D972600E5AD9D /* Device.cpp in Sources */,
				D01DDAFF190D972600E5AD9D /* IndexVector.cpp in Sources */,
				D01DDAF9190D972600E5AD9D /* DeviceID.cpp in Sources */,
				D01DDB01190D972600E5AD9D /* Local.cpp in Sources */,
				D01DDB02190D972600E5AD9D /* Map.cpp in Sources */,
				D01DDB06190D972600E5AD9D /* Significances.cpp in Sources */,
				D01DDB09190D972600E5AD9D /* Source.cpp in Sources */,
				D01DDAFB190D972600E5AD9D /* DeviceProperties.cpp in Sources */,
				D01DDAF8190D972600E5AD9D /* DeviceBuffer.cpp in Sources */,
				D01DDAFE190D972600E5AD9D /* IndexMatrix.cpp in Sources */,
				D01DDAFA190D972600E5AD9D /* DeviceList.cpp in Sources */,
				D01DDB04190D972600E5AD9D /* PlatformID.cpp in Sources */,
				D01DDB03190D972600E5AD9D /* MatrixSize.cpp in Sources */,
				D01DDAFD190D972600E5AD9D /* Index.cpp in Sources */,
				D01DDB07190D972600E5AD9D /* SkelCL.cpp in Sources */,
				D01DDB0A190D972600E5AD9D /* Util.cpp in Sources */,
			);
			runOnlyForDeploymentPostprocessing = 0;
		};
		9EA658841663AE9800904417 /* Sources */ = {
			isa = PBXSourcesBuildPhase;
			buildActionMask = 2147483647;
			files = (
				9EA658921663AEB400904417 /* main.cpp in Sources */,
			);
			runOnlyForDeploymentPostprocessing = 0;
		};
/* End PBXSourcesBuildPhase section */

/* Begin PBXTargetDependency section */
		9E239E2616AEA4910078F339 /* PBXTargetDependency */ = {
			isa = PBXTargetDependency;
			name = pvsutil;
			targetProxy = 9E239E2516AEA4910078F339 /* PBXContainerItemProxy */;
		};
		D01DDB55190D9B0E00E5AD9D /* PBXTargetDependency */ = {
			isa = PBXTargetDependency;
			name = stooling;
			targetProxy = D01DDB54190D9B0E00E5AD9D /* PBXContainerItemProxy */;
		};
		D01DDB57190D9B1200E5AD9D /* PBXTargetDependency */ = {
			isa = PBXTargetDependency;
			target = 9EA657741663AAC200904417 /* skelcl */;
			targetProxy = D01DDB56190D9B1200E5AD9D /* PBXContainerItemProxy */;
		};
		D01DDB59190D9B1500E5AD9D /* PBXTargetDependency */ = {
			isa = PBXTargetDependency;
			target = 9EA657741663AAC200904417 /* skelcl */;
			targetProxy = D01DDB58190D9B1500E5AD9D /* PBXContainerItemProxy */;
		};
		D01DDB5B190D9B1900E5AD9D /* PBXTargetDependency */ = {
			isa = PBXTargetDependency;
			target = 9EA657741663AAC200904417 /* skelcl */;
			targetProxy = D01DDB5A190D9B1900E5AD9D /* PBXContainerItemProxy */;
		};
		D01DDB5D190D9B1C00E5AD9D /* PBXTargetDependency */ = {
			isa = PBXTargetDependency;
			target = 9EA657741663AAC200904417 /* skelcl */;
			targetProxy = D01DDB5C190D9B1C00E5AD9D /* PBXContainerItemProxy */;
		};
		D01DDB5F190D9B1F00E5AD9D /* PBXTargetDependency */ = {
			isa = PBXTargetDependency;
			target = D01DDACD190D965900E5AD9D /* gtest */;
			targetProxy = D01DDB5E190D9B1F00E5AD9D /* PBXContainerItemProxy */;
		};
/* End PBXTargetDependency section */

/* Begin XCBuildConfiguration section */
		9E0A90411663C27900ACD2B4 /* Debug */ = {
			isa = XCBuildConfiguration;
			buildSettings = {
				LIBRARY_SEARCH_PATHS = (
					"$(inherited)",
					"\"$(SRCROOT)/../gtest/build\"",
				);
				PRODUCT_NAME = "skelcl - All Tests";
			};
			name = Debug;
		};
		9E0A90421663C27900ACD2B4 /* Release */ = {
			isa = XCBuildConfiguration;
			buildSettings = {
				LIBRARY_SEARCH_PATHS = (
					"$(inherited)",
					"\"$(SRCROOT)/../gtest/build\"",
				);
				PRODUCT_NAME = "skelcl - All Tests";
			};
			name = Release;
		};
		9E0A91441664B7C300ACD2B4 /* Debug */ = {
			isa = XCBuildConfiguration;
			buildSettings = {
				GCC_PREPROCESSOR_DEFINITIONS = (
					"DEBUG=1",
					"$(inherited)",
				);
				PRODUCT_NAME = mandelbrot;
			};
			name = Debug;
		};
		9E0A91451664B7C300ACD2B4 /* Release */ = {
			isa = XCBuildConfiguration;
			buildSettings = {
				PRODUCT_NAME = mandelbrot;
			};
			name = Release;
		};
		9E0A91501664B7C700ACD2B4 /* Debug */ = {
			isa = XCBuildConfiguration;
			buildSettings = {
				GCC_PREPROCESSOR_DEFINITIONS = (
					"DEBUG=1",
					"$(inherited)",
				);
				PRODUCT_NAME = saxpy;
			};
			name = Debug;
		};
		9E0A91511664B7C700ACD2B4 /* Release */ = {
			isa = XCBuildConfiguration;
			buildSettings = {
				PRODUCT_NAME = saxpy;
			};
			name = Release;
		};
		9EA657771663AAC200904417 /* Debug */ = {
			isa = XCBuildConfiguration;
			buildSettings = {
				ALWAYS_SEARCH_USER_PATHS = NO;
				ARCHS = "$(ARCHS_STANDARD_64_BIT)";
				CLANG_CXX_LANGUAGE_STANDARD = "gnu++0x";
				CLANG_CXX_LIBRARY = "libc++";
				CLANG_WARN_EMPTY_BODY = YES;
				CLANG_WARN__DUPLICATE_METHOD_MATCH = YES;
				COPY_PHASE_STRIP = NO;
				GCC_C_LANGUAGE_STANDARD = gnu99;
				GCC_DYNAMIC_NO_PIC = NO;
				GCC_ENABLE_OBJC_EXCEPTIONS = YES;
				GCC_OPTIMIZATION_LEVEL = 0;
				GCC_PREPROCESSOR_DEFINITIONS = (
					"DEBUG=1",
					"$(inherited)",
					"GTEST_HAS_TR1_TUPLE=0",
				);
				GCC_SYMBOLS_PRIVATE_EXTERN = NO;
				GCC_WARN_64_TO_32_BIT_CONVERSION = YES;
				GCC_WARN_ABOUT_RETURN_TYPE = YES;
				GCC_WARN_UNINITIALIZED_AUTOS = YES;
				GCC_WARN_UNUSED_VARIABLE = YES;
				HEADER_SEARCH_PATHS = (
					../../include,
					../../libraries/gtest/include,
					../../libraries/pvsutil/include,
					../../libraries/stooling/include,
					../../libraries/stooling/libraries/llvm/include,
				);
				MACOSX_DEPLOYMENT_TARGET = 10.8;
				ONLY_ACTIVE_ARCH = YES;
				SDKROOT = macosx;
			};
			name = Debug;
		};
		9EA657781663AAC200904417 /* Release */ = {
			isa = XCBuildConfiguration;
			buildSettings = {
				ALWAYS_SEARCH_USER_PATHS = NO;
				ARCHS = "$(ARCHS_STANDARD_64_BIT)";
				CLANG_CXX_LANGUAGE_STANDARD = "gnu++0x";
				CLANG_CXX_LIBRARY = "libc++";
				CLANG_WARN_EMPTY_BODY = YES;
				CLANG_WARN__DUPLICATE_METHOD_MATCH = YES;
				COPY_PHASE_STRIP = YES;
				DEBUG_INFORMATION_FORMAT = "dwarf-with-dsym";
				GCC_C_LANGUAGE_STANDARD = gnu99;
				GCC_ENABLE_OBJC_EXCEPTIONS = YES;
				GCC_PREPROCESSOR_DEFINITIONS = "GTEST_HAS_TR1_TUPLE=0";
				GCC_WARN_64_TO_32_BIT_CONVERSION = YES;
				GCC_WARN_ABOUT_RETURN_TYPE = YES;
				GCC_WARN_UNINITIALIZED_AUTOS = YES;
				GCC_WARN_UNUSED_VARIABLE = YES;
				HEADER_SEARCH_PATHS = (
					../../include,
					../../libraries/gtest/include,
					../../libraries/pvsutil/include,
					../../libraries/stooling/include,
					../../libraries/stooling/libraries/llvm/include,
				);
				MACOSX_DEPLOYMENT_TARGET = 10.8;
				SDKROOT = macosx;
			};
			name = Release;
		};
		9EA6577A1663AAC200904417 /* Debug */ = {
			isa = XCBuildConfiguration;
			buildSettings = {
				EXECUTABLE_PREFIX = lib;
				PRODUCT_NAME = "$(TARGET_NAME)";
			};
			name = Debug;
		};
		9EA6577B1663AAC200904417 /* Release */ = {
			isa = XCBuildConfiguration;
			buildSettings = {
				EXECUTABLE_PREFIX = lib;
				PRODUCT_NAME = "$(TARGET_NAME)";
			};
			name = Release;
		};
		9EA658901663AE9800904417 /* Debug */ = {
			isa = XCBuildConfiguration;
			buildSettings = {
				GCC_PREPROCESSOR_DEFINITIONS = (
					"DEBUG=1",
					"$(inherited)",
				);
				PRODUCT_NAME = "$(TARGET_NAME)";
			};
			name = Debug;
		};
		9EA658911663AE9800904417 /* Release */ = {
			isa = XCBuildConfiguration;
			buildSettings = {
				PRODUCT_NAME = "$(TARGET_NAME)";
			};
			name = Release;
		};
		D01DDACE190D965900E5AD9D /* Debug */ = {
			isa = XCBuildConfiguration;
			buildSettings = {
				CLANG_ENABLE_MODULES = YES;
				CLANG_ENABLE_OBJC_ARC = YES;
				CLANG_WARN_BOOL_CONVERSION = YES;
				CLANG_WARN_CONSTANT_CONVERSION = YES;
				CLANG_WARN_DIRECT_OBJC_ISA_USAGE = YES_ERROR;
				CLANG_WARN_ENUM_CONVERSION = YES;
				CLANG_WARN_INT_CONVERSION = YES;
				CLANG_WARN_OBJC_ROOT_CLASS = YES_ERROR;
				DEBUGGING_SYMBOLS = YES;
				GCC_GENERATE_DEBUGGING_SYMBOLS = YES;
				GCC_OPTIMIZATION_LEVEL = 0;
				GCC_PREPROCESSOR_DEFINITIONS = (
					"DEBUG=1",
					"$(inherited)",
				);
				GCC_WARN_ABOUT_RETURN_TYPE = YES_ERROR;
				GCC_WARN_UNDECLARED_SELECTOR = YES;
				GCC_WARN_UNINITIALIZED_AUTOS = YES_AGGRESSIVE;
				GCC_WARN_UNUSED_FUNCTION = YES;
				MACOSX_DEPLOYMENT_TARGET = 10.9;
				OTHER_CFLAGS = "";
				OTHER_LDFLAGS = "";
				PRODUCT_NAME = "$(TARGET_NAME)";
			};
			name = Debug;
		};
		D01DDACF190D965900E5AD9D /* Release */ = {
			isa = XCBuildConfiguration;
			buildSettings = {
				CLANG_ENABLE_MODULES = YES;
				CLANG_ENABLE_OBJC_ARC = YES;
				CLANG_WARN_BOOL_CONVERSION = YES;
				CLANG_WARN_CONSTANT_CONVERSION = YES;
				CLANG_WARN_DIRECT_OBJC_ISA_USAGE = YES_ERROR;
				CLANG_WARN_ENUM_CONVERSION = YES;
				CLANG_WARN_INT_CONVERSION = YES;
				CLANG_WARN_OBJC_ROOT_CLASS = YES_ERROR;
				ENABLE_NS_ASSERTIONS = NO;
				GCC_WARN_ABOUT_RETURN_TYPE = YES_ERROR;
				GCC_WARN_UNDECLARED_SELECTOR = YES;
				GCC_WARN_UNINITIALIZED_AUTOS = YES_AGGRESSIVE;
				GCC_WARN_UNUSED_FUNCTION = YES;
				MACOSX_DEPLOYMENT_TARGET = 10.9;
				OTHER_CFLAGS = "";
				OTHER_LDFLAGS = "";
				PRODUCT_NAME = "$(TARGET_NAME)";
			};
			name = Release;
		};
/* End XCBuildConfiguration section */

/* Begin XCConfigurationList section */
		9E0A90401663C27900ACD2B4 /* Build configuration list for PBXNativeTarget "skelcl - All Tests" */ = {
			isa = XCConfigurationList;
			buildConfigurations = (
				9E0A90411663C27900ACD2B4 /* Debug */,
				9E0A90421663C27900ACD2B4 /* Release */,
			);
			defaultConfigurationIsVisible = 0;
			defaultConfigurationName = Release;
		};
		9E0A91431664B7C300ACD2B4 /* Build configuration list for PBXNativeTarget "mandelbrot" */ = {
			isa = XCConfigurationList;
			buildConfigurations = (
				9E0A91441664B7C300ACD2B4 /* Debug */,
				9E0A91451664B7C300ACD2B4 /* Release */,
			);
			defaultConfigurationIsVisible = 0;
			defaultConfigurationName = Release;
		};
		9E0A914F1664B7C700ACD2B4 /* Build configuration list for PBXNativeTarget "saxpy" */ = {
			isa = XCConfigurationList;
			buildConfigurations = (
				9E0A91501664B7C700ACD2B4 /* Debug */,
				9E0A91511664B7C700ACD2B4 /* Release */,
			);
			defaultConfigurationIsVisible = 0;
			defaultConfigurationName = Release;
		};
		9EA6576F1663AAC200904417 /* Build configuration list for PBXProject "skelcl" */ = {
			isa = XCConfigurationList;
			buildConfigurations = (
				9EA657771663AAC200904417 /* Debug */,
				9EA657781663AAC200904417 /* Release */,
			);
			defaultConfigurationIsVisible = 0;
			defaultConfigurationName = Release;
		};
		9EA657791663AAC200904417 /* Build configuration list for PBXNativeTarget "skelcl" */ = {
			isa = XCConfigurationList;
			buildConfigurations = (
				9EA6577A1663AAC200904417 /* Debug */,
				9EA6577B1663AAC200904417 /* Release */,
			);
			defaultConfigurationIsVisible = 0;
			defaultConfigurationName = Release;
		};
		9EA6588F1663AE9800904417 /* Build configuration list for PBXNativeTarget "dot_product" */ = {
			isa = XCConfigurationList;
			buildConfigurations = (
				9EA658901663AE9800904417 /* Debug */,
				9EA658911663AE9800904417 /* Release */,
			);
			defaultConfigurationIsVisible = 0;
			defaultConfigurationName = Release;
		};
		D01DDADB190D965900E5AD9D /* Build configuration list for PBXLegacyTarget "gtest" */ = {
			isa = XCConfigurationList;
			buildConfigurations = (
				D01DDACE190D965900E5AD9D /* Debug */,
				D01DDACF190D965900E5AD9D /* Release */,
			);
			defaultConfigurationIsVisible = 0;
			defaultConfigurationName = Release;
		};
/* End XCConfigurationList section */
	};
	rootObject = 9EA6576C1663AAC200904417 /* Project object */;
}
